// !$*UTF8*$!
{
	archiveVersion = 1;
	classes = {
	};
	objectVersion = 46;
	objects = {

/* Begin PBXBuildFile section */
		1E0443611A7B747A00B644D8 /* AppPreferences.m in Sources */ = {isa = PBXBuildFile; fileRef = 1E04435E1A7B747A00B644D8 /* AppPreferences.m */; };
		1E0443661A7B75EE00B644D8 /* GeneralPreferences.m in Sources */ = {isa = PBXBuildFile; fileRef = 1E0443651A7B75EE00B644D8 /* GeneralPreferences.m */; };
		1E0443681A7B766A00B644D8 /* GeneralPreferences.nib in Resources */ = {isa = PBXBuildFile; fileRef = 1E0443671A7B766A00B644D8 /* GeneralPreferences.nib */; };
		1E04436A1A7B787D00B644D8 /* GeneralPreferences.png in Resources */ = {isa = PBXBuildFile; fileRef = 1E0443691A7B787D00B644D8 /* GeneralPreferences.png */; };
		1E0B2BF31A77536800B4FE14 /* PlayerDocument.mm in Sources */ = {isa = PBXBuildFile; fileRef = 1E0B2BEE1A77536800B4FE14 /* PlayerDocument.mm */; };
		1E0B2BF41A77536800B4FE14 /* PlayerLayout.m in Sources */ = {isa = PBXBuildFile; fileRef = 1E0B2BF01A77536800B4FE14 /* PlayerLayout.m */; };
		1E0B2BF51A77536800B4FE14 /* UPlayer.mm in Sources */ = {isa = PBXBuildFile; fileRef = 1E0B2BF21A77536800B4FE14 /* UPlayer.mm */; };
		1E0B2BFB1A7754D000B4FE14 /* PlayerTrack.m in Sources */ = {isa = PBXBuildFile; fileRef = 1E0B2BFA1A7754D000B4FE14 /* PlayerTrack.m */; };
		1E0B2BFD1A7755C400B4FE14 /* PlayerImpl.mm in Sources */ = {isa = PBXBuildFile; fileRef = 1E0B2BFC1A7755C400B4FE14 /* PlayerImpl.mm */; };
		1E169A7D1A78D05D003D3D01 /* Localizable.strings in Resources */ = {isa = PBXBuildFile; fileRef = 1E169A7F1A78D05D003D3D01 /* Localizable.strings */; };
		1E169A891A78E701003D3D01 /* windowController.m in Sources */ = {isa = PBXBuildFile; fileRef = 1E169A881A78E701003D3D01 /* windowController.m */; };
		1E169A8D1A78FF88003D3D01 /* PlayerMessage.mm in Sources */ = {isa = PBXBuildFile; fileRef = 1E169A8C1A78FF88003D3D01 /* PlayerMessage.mm */; };
		1E5F426D1A887BE800911BE8 /* PlaylistViewController.m in Sources */ = {isa = PBXBuildFile; fileRef = 1E5F426C1A887BE800911BE8 /* PlaylistViewController.m */; };
		1E5F9EC51A7A1979000360D7 /* PlayerEngine.mm in Sources */ = {isa = PBXBuildFile; fileRef = 1E5F9EC41A7A1979000360D7 /* PlayerEngine.mm */; };
		1E5F9ECA1A7A2DB2000360D7 /* PlayerSerialize.mm in Sources */ = {isa = PBXBuildFile; fileRef = 1E5F9EC81A7A2DB2000360D7 /* PlayerSerialize.mm */; };
		1E7A78381AA974D9004E9DDC /* keymaps.json in Resources */ = {isa = PBXBuildFile; fileRef = 1E7A78371AA974D9004E9DDC /* keymaps.json */; };
		1E89285C1AA1B06B00CF0634 /* LLHotKeyRecorder.framework in CopyFiles */ = {isa = PBXBuildFile; fileRef = 1EFD42B41A91A986009D65B5 /* LLHotKeyRecorder.framework */; settings = {ATTRIBUTES = (CodeSignOnCopy, RemoveHeadersOnCopy, ); }; };
		1E8F70321AA470950012402E /* PlayerQueue.m in Sources */ = {isa = PBXBuildFile; fileRef = 1E8F70311AA470950012402E /* PlayerQueue.m */; };
		1E8FF13B1AA084A900EA0A89 /* Carbon.framework in Frameworks */ = {isa = PBXBuildFile; fileRef = 1E8FF13A1AA084A900EA0A89 /* Carbon.framework */; };
		1EB207BD1AA801E3007968C8 /* StatusMenu.xib in Resources */ = {isa = PBXBuildFile; fileRef = 1EB207BC1AA801E3007968C8 /* StatusMenu.xib */; };
		1EB207C41AA80995007968C8 /* player.png in Resources */ = {isa = PBXBuildFile; fileRef = 1EB207C21AA80995007968C8 /* player.png */; };
		1EB207C51AA80995007968C8 /* player@2.png in Resources */ = {isa = PBXBuildFile; fileRef = 1EB207C31AA80995007968C8 /* player@2.png */; };
		1EB207C71AA80AF1007968C8 /* icon1.ico in Resources */ = {isa = PBXBuildFile; fileRef = 1EB207C61AA80AF1007968C8 /* icon1.ico */; };
		1EB207C91AA80EA5007968C8 /* player.icns in Resources */ = {isa = PBXBuildFile; fileRef = 1EB207C81AA80EA5007968C8 /* player.icns */; };
		1ECEB75B1A9052AD006E8C23 /* AccountPreferences.mm in Sources */ = {isa = PBXBuildFile; fileRef = 1ECEB7571A9052AD006E8C23 /* AccountPreferences.mm */; };
		1ECEB75C1A9052AD006E8C23 /* AccountPreferences.nib in Resources */ = {isa = PBXBuildFile; fileRef = 1ECEB7581A9052AD006E8C23 /* AccountPreferences.nib */; };
		1ECEB75D1A9052AD006E8C23 /* AccountPreferences.png in Resources */ = {isa = PBXBuildFile; fileRef = 1ECEB7591A9052AD006E8C23 /* AccountPreferences.png */; };
		1ECEB75E1A9052AD006E8C23 /* AccountPreferences@2x.png in Resources */ = {isa = PBXBuildFile; fileRef = 1ECEB75A1A9052AD006E8C23 /* AccountPreferences@2x.png */; };
		1ECEB7611A9053A2006E8C23 /* LastFMLogo.png in Resources */ = {isa = PBXBuildFile; fileRef = 1ECEB75F1A9053A2006E8C23 /* LastFMLogo.png */; };
		1ECEB7621A9053A2006E8C23 /* LastFMLogo@2x.png in Resources */ = {isa = PBXBuildFile; fileRef = 1ECEB7601A9053A2006E8C23 /* LastFMLogo@2x.png */; };
		1ECEB76E1A90582B006E8C23 /* Last_fm_api.cpp in Sources */ = {isa = PBXBuildFile; fileRef = 1ECEB7661A90582B006E8C23 /* Last_fm_api.cpp */; };
		1ECEB76F1A90582B006E8C23 /* Last_fm_local_record.cpp in Sources */ = {isa = PBXBuildFile; fileRef = 1ECEB7681A90582B006E8C23 /* Last_fm_local_record.cpp */; };
		1ECEB7701A90582B006E8C23 /* Last_fm_user.cpp in Sources */ = {isa = PBXBuildFile; fileRef = 1ECEB76A1A90582B006E8C23 /* Last_fm_user.cpp */; };
		1ECEB7711A90582B006E8C23 /* md5.cpp in Sources */ = {isa = PBXBuildFile; fileRef = 1ECEB76C1A90582B006E8C23 /* md5.cpp */; };
		1ECEB7751A905874006E8C23 /* socketTool.cpp in Sources */ = {isa = PBXBuildFile; fileRef = 1ECEB7731A905874006E8C23 /* socketTool.cpp */; };
		1ECEB7781A9059A5006E8C23 /* Last_fm.cpp in Sources */ = {isa = PBXBuildFile; fileRef = 1ECEB7761A9059A5006E8C23 /* Last_fm.cpp */; };
		1ECEB7851A90621D006E8C23 /* Last_fm_serialize.cpp in Sources */ = {isa = PBXBuildFile; fileRef = 1ECEB7831A90621D006E8C23 /* Last_fm_serialize.cpp */; };
		1ECEB7891A906231006E8C23 /* serialize.cpp in Sources */ = {isa = PBXBuildFile; fileRef = 1ECEB7871A906231006E8C23 /* serialize.cpp */; };
		1ED021AA1A7B3383008526E8 /* PlayerList.m in Sources */ = {isa = PBXBuildFile; fileRef = 1ED021A91A7B3383008526E8 /* PlayerList.m */; };
		1ED021AD1A7B3C89008526E8 /* PlayerSerachMng.m in Sources */ = {isa = PBXBuildFile; fileRef = 1ED021AC1A7B3C89008526E8 /* PlayerSerachMng.m */; };
		1EDE8FA91A773D810086677B /* AppDelegate.mm in Sources */ = {isa = PBXBuildFile; fileRef = 1EDE8FA81A773D810086677B /* AppDelegate.mm */; };
		1EDE8FAB1A773D810086677B /* main.m in Sources */ = {isa = PBXBuildFile; fileRef = 1EDE8FAA1A773D810086677B /* main.m */; };
		1EDE8FAE1A773D810086677B /* TracklistViewController.m in Sources */ = {isa = PBXBuildFile; fileRef = 1EDE8FAD1A773D810086677B /* TracklistViewController.m */; };
		1EDE8FB01A773D810086677B /* Images.xcassets in Resources */ = {isa = PBXBuildFile; fileRef = 1EDE8FAF1A773D810086677B /* Images.xcassets */; };
		1EDE8FB31A773D810086677B /* Main.storyboard in Resources */ = {isa = PBXBuildFile; fileRef = 1EDE8FB11A773D810086677B /* Main.storyboard */; };
		1EDE8FD11A7740DC0086677B /* audioTag.cpp in Sources */ = {isa = PBXBuildFile; fileRef = 1EDE8FCB1A7740DC0086677B /* audioTag.cpp */; };
		1EDE8FD21A7740DC0086677B /* fileCtrl.cpp in Sources */ = {isa = PBXBuildFile; fileRef = 1EDE8FCD1A7740DC0086677B /* fileCtrl.cpp */; };
		1EDE8FD31A7740DC0086677B /* threadpool.cpp in Sources */ = {isa = PBXBuildFile; fileRef = 1EDE8FCF1A7740DC0086677B /* threadpool.cpp */; };
		1EE5DDAB1A8337DC0074D282 /* AVFoundation.framework in Frameworks */ = {isa = PBXBuildFile; fileRef = 1EE5DDAA1A8337DC0074D282 /* AVFoundation.framework */; };
		1EE5DDAD1A83380F0074D282 /* CoreMedia.framework in Frameworks */ = {isa = PBXBuildFile; fileRef = 1EE5DDAC1A83380F0074D282 /* CoreMedia.framework */; };
		1EFD42B91A91A9EF009D65B5 /* LLHotKeyRecorder.framework in Frameworks */ = {isa = PBXBuildFile; fileRef = 1EFD42B41A91A986009D65B5 /* LLHotKeyRecorder.framework */; };
		1EFD42BF1A91ABFF009D65B5 /* HotKeyPreferences.m in Sources */ = {isa = PBXBuildFile; fileRef = 1EFD42BC1A91ABFF009D65B5 /* HotKeyPreferences.m */; };
		1EFD42C01A91ABFF009D65B5 /* HotKeyPreferences.nib in Resources */ = {isa = PBXBuildFile; fileRef = 1EFD42BD1A91ABFF009D65B5 /* HotKeyPreferences.nib */; };
		1EFD42C11A91ABFF009D65B5 /* HotKeyPreferences.png in Resources */ = {isa = PBXBuildFile; fileRef = 1EFD42BE1A91ABFF009D65B5 /* HotKeyPreferences.png */; };
		1EFD42CD1A91E826009D65B5 /* ThreadJob.mm in Sources */ = {isa = PBXBuildFile; fileRef = 1EFD42CC1A91E826009D65B5 /* ThreadJob.mm */; };
		1EFD42DE1A91EE85009D65B5 /* shortcutKey.mm in Sources */ = {isa = PBXBuildFile; fileRef = 1EFD42DB1A91EE85009D65B5 /* shortcutKey.mm */; };
/* End PBXBuildFile section */

/* Begin PBXContainerItemProxy section */
		1EFD42B31A91A986009D65B5 /* PBXContainerItemProxy */ = {
			isa = PBXContainerItemProxy;
			containerPortal = 1EFD42AE1A91A985009D65B5 /* LLHotKeyRecorder.xcodeproj */;
			proxyType = 2;
			remoteGlobalIDString = 6D05D92C191560F200CAF7AF;
			remoteInfo = LLHotKeyRecorder;
		};
		1EFD42B51A91A986009D65B5 /* PBXContainerItemProxy */ = {
			isa = PBXContainerItemProxy;
			containerPortal = 1EFD42AE1A91A985009D65B5 /* LLHotKeyRecorder.xcodeproj */;
			proxyType = 2;
			remoteGlobalIDString = 6D05D943191560F200CAF7AF;
			remoteInfo = Tests;
		};
		1EFD42B71A91A9B2009D65B5 /* PBXContainerItemProxy */ = {
			isa = PBXContainerItemProxy;
			containerPortal = 1EFD42AE1A91A985009D65B5 /* LLHotKeyRecorder.xcodeproj */;
			proxyType = 1;
			remoteGlobalIDString = 6D05D92B191560F200CAF7AF;
			remoteInfo = LLHotKeyRecorder;
		};
/* End PBXContainerItemProxy section */

/* Begin PBXCopyFilesBuildPhase section */
		1E89285B1AA1B05600CF0634 /* CopyFiles */ = {
			isa = PBXCopyFilesBuildPhase;
			buildActionMask = 2147483647;
			dstPath = "";
			dstSubfolderSpec = 10;
			files = (
				1E89285C1AA1B06B00CF0634 /* LLHotKeyRecorder.framework in CopyFiles */,
			);
			runOnlyForDeploymentPostprocessing = 0;
		};
/* End PBXCopyFilesBuildPhase section */

/* Begin PBXFileReference section */
		1E04435D1A7B747A00B644D8 /* AppPreferences.h */ = {isa = PBXFileReference; fileEncoding = 4; lastKnownFileType = sourcecode.c.h; path = AppPreferences.h; sourceTree = "<group>"; };
		1E04435E1A7B747A00B644D8 /* AppPreferences.m */ = {isa = PBXFileReference; fileEncoding = 4; lastKnownFileType = sourcecode.c.objc; path = AppPreferences.m; sourceTree = "<group>"; };
		1E04435F1A7B747A00B644D8 /* NSPreferences.h */ = {isa = PBXFileReference; fileEncoding = 4; lastKnownFileType = sourcecode.c.h; path = NSPreferences.h; sourceTree = "<group>"; };
		1E0443601A7B747A00B644D8 /* NSPreferencesModule.h */ = {isa = PBXFileReference; fileEncoding = 4; lastKnownFileType = sourcecode.c.h; path = NSPreferencesModule.h; sourceTree = "<group>"; };
		1E0443641A7B75EE00B644D8 /* GeneralPreferences.h */ = {isa = PBXFileReference; fileEncoding = 4; lastKnownFileType = sourcecode.c.h; path = GeneralPreferences.h; sourceTree = "<group>"; };
		1E0443651A7B75EE00B644D8 /* GeneralPreferences.m */ = {isa = PBXFileReference; fileEncoding = 4; lastKnownFileType = sourcecode.c.objc; path = GeneralPreferences.m; sourceTree = "<group>"; };
		1E0443671A7B766A00B644D8 /* GeneralPreferences.nib */ = {isa = PBXFileReference; lastKnownFileType = wrapper.nib; path = GeneralPreferences.nib; sourceTree = "<group>"; };
		1E0443691A7B787D00B644D8 /* GeneralPreferences.png */ = {isa = PBXFileReference; lastKnownFileType = image.png; path = GeneralPreferences.png; sourceTree = "<group>"; };
		1E0B2BED1A77536800B4FE14 /* PlayerDocument.h */ = {isa = PBXFileReference; fileEncoding = 4; lastKnownFileType = sourcecode.c.h; path = PlayerDocument.h; sourceTree = "<group>"; };
		1E0B2BEE1A77536800B4FE14 /* PlayerDocument.mm */ = {isa = PBXFileReference; fileEncoding = 4; lastKnownFileType = sourcecode.cpp.objcpp; path = PlayerDocument.mm; sourceTree = "<group>"; };
		1E0B2BEF1A77536800B4FE14 /* PlayerLayout.h */ = {isa = PBXFileReference; fileEncoding = 4; lastKnownFileType = sourcecode.c.h; path = PlayerLayout.h; sourceTree = "<group>"; };
		1E0B2BF01A77536800B4FE14 /* PlayerLayout.m */ = {isa = PBXFileReference; fileEncoding = 4; lastKnownFileType = sourcecode.c.objc; path = PlayerLayout.m; sourceTree = "<group>"; };
		1E0B2BF11A77536800B4FE14 /* UPlayer.h */ = {isa = PBXFileReference; fileEncoding = 4; lastKnownFileType = sourcecode.c.h; path = UPlayer.h; sourceTree = "<group>"; };
		1E0B2BF21A77536800B4FE14 /* UPlayer.mm */ = {isa = PBXFileReference; fileEncoding = 4; lastKnownFileType = sourcecode.cpp.objcpp; path = UPlayer.mm; sourceTree = "<group>"; };
		1E0B2BF91A7754D000B4FE14 /* PlayerTrack.h */ = {isa = PBXFileReference; fileEncoding = 4; lastKnownFileType = sourcecode.c.h; path = PlayerTrack.h; sourceTree = "<group>"; };
		1E0B2BFA1A7754D000B4FE14 /* PlayerTrack.m */ = {isa = PBXFileReference; fileEncoding = 4; lastKnownFileType = sourcecode.c.objc; path = PlayerTrack.m; sourceTree = "<group>"; };
		1E0B2BFC1A7755C400B4FE14 /* PlayerImpl.mm */ = {isa = PBXFileReference; fileEncoding = 4; lastKnownFileType = sourcecode.cpp.objcpp; path = PlayerImpl.mm; sourceTree = "<group>"; };
		1E0B2BFE1A77575400B4FE14 /* PlayerTypeDefines.h */ = {isa = PBXFileReference; fileEncoding = 4; lastKnownFileType = sourcecode.c.h; path = PlayerTypeDefines.h; sourceTree = "<group>"; };
		1E169A7E1A78D05D003D3D01 /* Base */ = {isa = PBXFileReference; lastKnownFileType = text.plist.strings; name = Base; path = Base.lproj/Localizable.strings; sourceTree = "<group>"; };
		1E169A841A78D295003D3D01 /* zh-Hans */ = {isa = PBXFileReference; lastKnownFileType = text.plist.strings; name = "zh-Hans"; path = "zh-Hans.lproj/Localizable.strings"; sourceTree = "<group>"; };
		1E169A881A78E701003D3D01 /* windowController.m */ = {isa = PBXFileReference; fileEncoding = 4; lastKnownFileType = sourcecode.c.objc; path = windowController.m; sourceTree = "<group>"; };
		1E169A8A1A78E715003D3D01 /* windowController.h */ = {isa = PBXFileReference; lastKnownFileType = sourcecode.c.h; path = windowController.h; sourceTree = "<group>"; };
		1E169A8B1A78FF88003D3D01 /* PlayerMessage.h */ = {isa = PBXFileReference; fileEncoding = 4; lastKnownFileType = sourcecode.c.h; path = PlayerMessage.h; sourceTree = "<group>"; };
		1E169A8C1A78FF88003D3D01 /* PlayerMessage.mm */ = {isa = PBXFileReference; fileEncoding = 4; lastKnownFileType = sourcecode.cpp.objcpp; path = PlayerMessage.mm; sourceTree = "<group>"; };
		1E16D53B1A8B0F8A00C844ED /* zh-Hans */ = {isa = PBXFileReference; lastKnownFileType = text.plist.strings; name = "zh-Hans"; path = "zh-Hans.lproj/Main.strings"; sourceTree = "<group>"; };
		1E5F426B1A887BE800911BE8 /* PlaylistViewController.h */ = {isa = PBXFileReference; fileEncoding = 4; lastKnownFileType = sourcecode.c.h; path = PlaylistViewController.h; sourceTree = "<group>"; };
		1E5F426C1A887BE800911BE8 /* PlaylistViewController.m */ = {isa = PBXFileReference; fileEncoding = 4; lastKnownFileType = sourcecode.c.objc; path = PlaylistViewController.m; sourceTree = "<group>"; };
		1E5F9EC31A7A1979000360D7 /* PlayerEngine.h */ = {isa = PBXFileReference; fileEncoding = 4; lastKnownFileType = sourcecode.c.h; path = PlayerEngine.h; sourceTree = "<group>"; };
		1E5F9EC41A7A1979000360D7 /* PlayerEngine.mm */ = {isa = PBXFileReference; fileEncoding = 4; lastKnownFileType = sourcecode.cpp.objcpp; path = PlayerEngine.mm; sourceTree = "<group>"; };
		1E5F9EC81A7A2DB2000360D7 /* PlayerSerialize.mm */ = {isa = PBXFileReference; fileEncoding = 4; lastKnownFileType = sourcecode.cpp.objcpp; path = PlayerSerialize.mm; sourceTree = "<group>"; };
		1E5F9EC91A7A2DB2000360D7 /* PlayerSerialize.h */ = {isa = PBXFileReference; fileEncoding = 4; lastKnownFileType = sourcecode.c.h; path = PlayerSerialize.h; sourceTree = "<group>"; };
		1E7A78371AA974D9004E9DDC /* keymaps.json */ = {isa = PBXFileReference; fileEncoding = 4; lastKnownFileType = text.json; name = keymaps.json; path = res/keymaps.json; sourceTree = SOURCE_ROOT; };
		1E8F702F1AA4707F0012402E /* PlayerQueue.h */ = {isa = PBXFileReference; lastKnownFileType = sourcecode.c.h; path = PlayerQueue.h; sourceTree = "<group>"; };
		1E8F70311AA470950012402E /* PlayerQueue.m */ = {isa = PBXFileReference; fileEncoding = 4; lastKnownFileType = sourcecode.c.objc; path = PlayerQueue.m; sourceTree = "<group>"; };
		1E8FF13A1AA084A900EA0A89 /* Carbon.framework */ = {isa = PBXFileReference; lastKnownFileType = wrapper.framework; name = Carbon.framework; path = System/Library/Frameworks/Carbon.framework; sourceTree = SDKROOT; };
		1EB207BC1AA801E3007968C8 /* StatusMenu.xib */ = {isa = PBXFileReference; fileEncoding = 4; lastKnownFileType = file.xib; path = StatusMenu.xib; sourceTree = "<group>"; };
		1EB207C21AA80995007968C8 /* player.png */ = {isa = PBXFileReference; lastKnownFileType = image.png; path = player.png; sourceTree = "<group>"; };
		1EB207C31AA80995007968C8 /* player@2.png */ = {isa = PBXFileReference; lastKnownFileType = image.png; path = "player@2.png"; sourceTree = "<group>"; };
		1EB207C61AA80AF1007968C8 /* icon1.ico */ = {isa = PBXFileReference; lastKnownFileType = image.ico; path = icon1.ico; sourceTree = "<group>"; };
		1EB207C81AA80EA5007968C8 /* player.icns */ = {isa = PBXFileReference; lastKnownFileType = image.icns; path = player.icns; sourceTree = "<group>"; };
		1ECEB7561A9052AD006E8C23 /* AccountPreferences.h */ = {isa = PBXFileReference; fileEncoding = 4; lastKnownFileType = sourcecode.c.h; path = AccountPreferences.h; sourceTree = "<group>"; };
		1ECEB7571A9052AD006E8C23 /* AccountPreferences.mm */ = {isa = PBXFileReference; fileEncoding = 4; lastKnownFileType = sourcecode.cpp.objcpp; path = AccountPreferences.mm; sourceTree = "<group>"; };
		1ECEB7581A9052AD006E8C23 /* AccountPreferences.nib */ = {isa = PBXFileReference; lastKnownFileType = wrapper.nib; path = AccountPreferences.nib; sourceTree = "<group>"; };
		1ECEB7591A9052AD006E8C23 /* AccountPreferences.png */ = {isa = PBXFileReference; lastKnownFileType = image.png; path = AccountPreferences.png; sourceTree = "<group>"; };
		1ECEB75A1A9052AD006E8C23 /* AccountPreferences@2x.png */ = {isa = PBXFileReference; lastKnownFileType = image.png; path = "AccountPreferences@2x.png"; sourceTree = "<group>"; };
		1ECEB75F1A9053A2006E8C23 /* LastFMLogo.png */ = {isa = PBXFileReference; lastKnownFileType = image.png; path = LastFMLogo.png; sourceTree = "<group>"; };
		1ECEB7601A9053A2006E8C23 /* LastFMLogo@2x.png */ = {isa = PBXFileReference; lastKnownFileType = image.png; path = "LastFMLogo@2x.png"; sourceTree = "<group>"; };
		1ECEB7661A90582B006E8C23 /* Last_fm_api.cpp */ = {isa = PBXFileReference; fileEncoding = 4; lastKnownFileType = sourcecode.cpp.cpp; name = Last_fm_api.cpp; path = Last.fm/Last.fm/Last_fm_api.cpp; sourceTree = "<group>"; };
		1ECEB7671A90582B006E8C23 /* Last_fm_api.h */ = {isa = PBXFileReference; fileEncoding = 4; lastKnownFileType = sourcecode.c.h; name = Last_fm_api.h; path = Last.fm/Last.fm/Last_fm_api.h; sourceTree = "<group>"; };
		1ECEB7681A90582B006E8C23 /* Last_fm_local_record.cpp */ = {isa = PBXFileReference; fileEncoding = 4; lastKnownFileType = sourcecode.cpp.cpp; name = Last_fm_local_record.cpp; path = Last.fm/Last.fm/Last_fm_local_record.cpp; sourceTree = "<group>"; };
		1ECEB7691A90582B006E8C23 /* Last_fm_local_record.h */ = {isa = PBXFileReference; fileEncoding = 4; lastKnownFileType = sourcecode.c.h; name = Last_fm_local_record.h; path = Last.fm/Last.fm/Last_fm_local_record.h; sourceTree = "<group>"; };
		1ECEB76A1A90582B006E8C23 /* Last_fm_user.cpp */ = {isa = PBXFileReference; fileEncoding = 4; lastKnownFileType = sourcecode.cpp.cpp; name = Last_fm_user.cpp; path = Last.fm/Last.fm/Last_fm_user.cpp; sourceTree = "<group>"; };
		1ECEB76B1A90582B006E8C23 /* Last_fm_user.h */ = {isa = PBXFileReference; fileEncoding = 4; lastKnownFileType = sourcecode.c.h; name = Last_fm_user.h; path = Last.fm/Last.fm/Last_fm_user.h; sourceTree = "<group>"; };
		1ECEB76C1A90582B006E8C23 /* md5.cpp */ = {isa = PBXFileReference; fileEncoding = 4; lastKnownFileType = sourcecode.cpp.cpp; name = md5.cpp; path = Last.fm/Last.fm/md5.cpp; sourceTree = "<group>"; };
		1ECEB76D1A90582B006E8C23 /* md5.h */ = {isa = PBXFileReference; fileEncoding = 4; lastKnownFileType = sourcecode.c.h; name = md5.h; path = Last.fm/Last.fm/md5.h; sourceTree = "<group>"; };
		1ECEB7731A905874006E8C23 /* socketTool.cpp */ = {isa = PBXFileReference; fileEncoding = 4; lastKnownFileType = sourcecode.cpp.cpp; path = socketTool.cpp; sourceTree = "<group>"; };
		1ECEB7741A905874006E8C23 /* socketTool.h */ = {isa = PBXFileReference; fileEncoding = 4; lastKnownFileType = sourcecode.c.h; path = socketTool.h; sourceTree = "<group>"; };
		1ECEB7761A9059A5006E8C23 /* Last_fm.cpp */ = {isa = PBXFileReference; fileEncoding = 4; lastKnownFileType = sourcecode.cpp.cpp; name = Last_fm.cpp; path = Last.fm/Last.fm/Last_fm.cpp; sourceTree = "<group>"; };
		1ECEB7771A9059A5006E8C23 /* Last_fm.h */ = {isa = PBXFileReference; fileEncoding = 4; lastKnownFileType = sourcecode.c.h; name = Last_fm.h; path = Last.fm/Last.fm/Last_fm.h; sourceTree = "<group>"; };
		1ECEB7831A90621D006E8C23 /* Last_fm_serialize.cpp */ = {isa = PBXFileReference; fileEncoding = 4; lastKnownFileType = sourcecode.cpp.cpp; name = Last_fm_serialize.cpp; path = Last.fm/Last.fm/Last_fm_serialize.cpp; sourceTree = "<group>"; };
		1ECEB7841A90621D006E8C23 /* Last_fm_serialize.h */ = {isa = PBXFileReference; fileEncoding = 4; lastKnownFileType = sourcecode.c.h; name = Last_fm_serialize.h; path = Last.fm/Last.fm/Last_fm_serialize.h; sourceTree = "<group>"; };
		1ECEB7871A906231006E8C23 /* serialize.cpp */ = {isa = PBXFileReference; fileEncoding = 4; lastKnownFileType = sourcecode.cpp.cpp; path = serialize.cpp; sourceTree = "<group>"; };
		1ECEB7881A906231006E8C23 /* serialize.h */ = {isa = PBXFileReference; fileEncoding = 4; lastKnownFileType = sourcecode.c.h; path = serialize.h; sourceTree = "<group>"; };
		1ED021A81A7B3383008526E8 /* PlayerList.h */ = {isa = PBXFileReference; fileEncoding = 4; lastKnownFileType = sourcecode.c.h; path = PlayerList.h; sourceTree = "<group>"; };
		1ED021A91A7B3383008526E8 /* PlayerList.m */ = {isa = PBXFileReference; fileEncoding = 4; lastKnownFileType = sourcecode.c.objc; path = PlayerList.m; sourceTree = "<group>"; };
		1ED021AB1A7B3C89008526E8 /* PlayerSerachMng.h */ = {isa = PBXFileReference; fileEncoding = 4; lastKnownFileType = sourcecode.c.h; path = PlayerSerachMng.h; sourceTree = "<group>"; };
		1ED021AC1A7B3C89008526E8 /* PlayerSerachMng.m */ = {isa = PBXFileReference; fileEncoding = 4; lastKnownFileType = sourcecode.c.objc; path = PlayerSerachMng.m; sourceTree = "<group>"; };
		1EDE8FA21A773D810086677B /* uPlayer.app */ = {isa = PBXFileReference; explicitFileType = wrapper.application; includeInIndex = 0; path = uPlayer.app; sourceTree = BUILT_PRODUCTS_DIR; };
		1EDE8FA61A773D810086677B /* Info.plist */ = {isa = PBXFileReference; lastKnownFileType = text.plist.xml; path = Info.plist; sourceTree = "<group>"; };
		1EDE8FA71A773D810086677B /* AppDelegate.h */ = {isa = PBXFileReference; lastKnownFileType = sourcecode.c.h; path = AppDelegate.h; sourceTree = "<group>"; };
		1EDE8FA81A773D810086677B /* AppDelegate.mm */ = {isa = PBXFileReference; lastKnownFileType = sourcecode.cpp.objcpp; path = AppDelegate.mm; sourceTree = "<group>"; };
		1EDE8FAA1A773D810086677B /* main.m */ = {isa = PBXFileReference; lastKnownFileType = sourcecode.c.objc; path = main.m; sourceTree = "<group>"; };
		1EDE8FAC1A773D810086677B /* TracklistViewController.h */ = {isa = PBXFileReference; lastKnownFileType = sourcecode.c.h; path = TracklistViewController.h; sourceTree = "<group>"; };
		1EDE8FAD1A773D810086677B /* TracklistViewController.m */ = {isa = PBXFileReference; lastKnownFileType = sourcecode.c.objc; path = TracklistViewController.m; sourceTree = "<group>"; };
		1EDE8FAF1A773D810086677B /* Images.xcassets */ = {isa = PBXFileReference; lastKnownFileType = folder.assetcatalog; path = Images.xcassets; sourceTree = "<group>"; };
		1EDE8FB21A773D810086677B /* Base */ = {isa = PBXFileReference; lastKnownFileType = file.storyboard; name = Base; path = Base.lproj/Main.storyboard; sourceTree = "<group>"; };
		1EDE8FCB1A7740DC0086677B /* audioTag.cpp */ = {isa = PBXFileReference; fileEncoding = 4; lastKnownFileType = sourcecode.cpp.cpp; name = audioTag.cpp; path = lyricsFetcher/src/audioTag.cpp; sourceTree = "<group>"; };
		1EDE8FCC1A7740DC0086677B /* audioTag.h */ = {isa = PBXFileReference; fileEncoding = 4; lastKnownFileType = sourcecode.c.h; name = audioTag.h; path = lyricsFetcher/src/audioTag.h; sourceTree = "<group>"; };
		1EDE8FCD1A7740DC0086677B /* fileCtrl.cpp */ = {isa = PBXFileReference; fileEncoding = 4; lastKnownFileType = sourcecode.cpp.cpp; name = fileCtrl.cpp; path = lyricsFetcher/src/fileCtrl.cpp; sourceTree = "<group>"; };
		1EDE8FCE1A7740DC0086677B /* fileCtrl.h */ = {isa = PBXFileReference; fileEncoding = 4; lastKnownFileType = sourcecode.c.h; name = fileCtrl.h; path = lyricsFetcher/src/fileCtrl.h; sourceTree = "<group>"; };
		1EDE8FCF1A7740DC0086677B /* threadpool.cpp */ = {isa = PBXFileReference; fileEncoding = 4; lastKnownFileType = sourcecode.cpp.cpp; name = threadpool.cpp; path = lyricsFetcher/src/threadpool.cpp; sourceTree = "<group>"; };
		1EDE8FD01A7740DC0086677B /* threadpool.h */ = {isa = PBXFileReference; fileEncoding = 4; lastKnownFileType = sourcecode.c.h; name = threadpool.h; path = lyricsFetcher/src/threadpool.h; sourceTree = "<group>"; };
		1EE5DDAA1A8337DC0074D282 /* AVFoundation.framework */ = {isa = PBXFileReference; lastKnownFileType = wrapper.framework; name = AVFoundation.framework; path = System/Library/Frameworks/AVFoundation.framework; sourceTree = SDKROOT; };
		1EE5DDAC1A83380F0074D282 /* CoreMedia.framework */ = {isa = PBXFileReference; lastKnownFileType = wrapper.framework; name = CoreMedia.framework; path = System/Library/Frameworks/CoreMedia.framework; sourceTree = SDKROOT; };
		1EFD42AE1A91A985009D65B5 /* LLHotKeyRecorder.xcodeproj */ = {isa = PBXFileReference; lastKnownFileType = "wrapper.pb-project"; name = LLHotKeyRecorder.xcodeproj; path = LLHotKeyRecorder/LLHotKeyRecorder.xcodeproj; sourceTree = "<group>"; };
		1EFD42BB1A91ABFF009D65B5 /* HotKeyPreferences.h */ = {isa = PBXFileReference; fileEncoding = 4; lastKnownFileType = sourcecode.c.h; path = HotKeyPreferences.h; sourceTree = "<group>"; };
		1EFD42BC1A91ABFF009D65B5 /* HotKeyPreferences.m */ = {isa = PBXFileReference; fileEncoding = 4; lastKnownFileType = sourcecode.c.objc; path = HotKeyPreferences.m; sourceTree = "<group>"; };
		1EFD42BD1A91ABFF009D65B5 /* HotKeyPreferences.nib */ = {isa = PBXFileReference; lastKnownFileType = wrapper.nib; path = HotKeyPreferences.nib; sourceTree = "<group>"; };
		1EFD42BE1A91ABFF009D65B5 /* HotKeyPreferences.png */ = {isa = PBXFileReference; lastKnownFileType = image.png; path = HotKeyPreferences.png; sourceTree = "<group>"; };
		1EFD42CC1A91E826009D65B5 /* ThreadJob.mm */ = {isa = PBXFileReference; fileEncoding = 4; lastKnownFileType = sourcecode.cpp.objcpp; path = ThreadJob.mm; sourceTree = "<group>"; };
		1EFD42CE1A91E847009D65B5 /* ThreadJob.h */ = {isa = PBXFileReference; lastKnownFileType = sourcecode.c.h; path = ThreadJob.h; sourceTree = "<group>"; };
		1EFD42DB1A91EE85009D65B5 /* shortcutKey.mm */ = {isa = PBXFileReference; fileEncoding = 4; lastKnownFileType = sourcecode.cpp.objcpp; path = shortcutKey.mm; sourceTree = "<group>"; };
		1EFD42DC1A91EE85009D65B5 /* shortcutKey.h */ = {isa = PBXFileReference; fileEncoding = 4; lastKnownFileType = sourcecode.c.h; path = shortcutKey.h; sourceTree = "<group>"; };
/* End PBXFileReference section */

/* Begin PBXFrameworksBuildPhase section */
		1EDE8F9F1A773D810086677B /* Frameworks */ = {
			isa = PBXFrameworksBuildPhase;
			buildActionMask = 2147483647;
			files = (
				1E8FF13B1AA084A900EA0A89 /* Carbon.framework in Frameworks */,
				1EFD42B91A91A9EF009D65B5 /* LLHotKeyRecorder.framework in Frameworks */,
				1EE5DDAD1A83380F0074D282 /* CoreMedia.framework in Frameworks */,
				1EE5DDAB1A8337DC0074D282 /* AVFoundation.framework in Frameworks */,
			);
			runOnlyForDeploymentPostprocessing = 0;
		};
/* End PBXFrameworksBuildPhase section */

/* Begin PBXGroup section */
		1E04435C1A7B747A00B644D8 /* Preferences */ = {
			isa = PBXGroup;
			children = (
				1ECEB7631A9053AB006E8C23 /* General */,
				1ECEB7641A9053BB006E8C23 /* Account */,
				1EFD42BA1A91ABBD009D65B5 /* HotKey */,
				1E04435D1A7B747A00B644D8 /* AppPreferences.h */,
				1E04435E1A7B747A00B644D8 /* AppPreferences.m */,
				1E04435F1A7B747A00B644D8 /* NSPreferences.h */,
				1E0443601A7B747A00B644D8 /* NSPreferencesModule.h */,
			);
			path = Preferences;
			sourceTree = "<group>";
		};
		1E0B2BEC1A77536800B4FE14 /* src */ = {
			isa = PBXGroup;
			children = (
				1E0B2BFE1A77575400B4FE14 /* PlayerTypeDefines.h */,
				1E8F702F1AA4707F0012402E /* PlayerQueue.h */,
				1E8F70311AA470950012402E /* PlayerQueue.m */,
				1E5F9EC91A7A2DB2000360D7 /* PlayerSerialize.h */,
				1E5F9EC81A7A2DB2000360D7 /* PlayerSerialize.mm */,
				1E0B2BFC1A7755C400B4FE14 /* PlayerImpl.mm */,
				1E169A8B1A78FF88003D3D01 /* PlayerMessage.h */,
				1E169A8C1A78FF88003D3D01 /* PlayerMessage.mm */,
				1ED021AB1A7B3C89008526E8 /* PlayerSerachMng.h */,
				1ED021AC1A7B3C89008526E8 /* PlayerSerachMng.m */,
				1ED021A81A7B3383008526E8 /* PlayerList.h */,
				1ED021A91A7B3383008526E8 /* PlayerList.m */,
				1E0B2BF91A7754D000B4FE14 /* PlayerTrack.h */,
				1E0B2BFA1A7754D000B4FE14 /* PlayerTrack.m */,
				1E5F9EC31A7A1979000360D7 /* PlayerEngine.h */,
				1E5F9EC41A7A1979000360D7 /* PlayerEngine.mm */,
				1E0B2BED1A77536800B4FE14 /* PlayerDocument.h */,
				1E0B2BEE1A77536800B4FE14 /* PlayerDocument.mm */,
				1E0B2BEF1A77536800B4FE14 /* PlayerLayout.h */,
				1E0B2BF01A77536800B4FE14 /* PlayerLayout.m */,
				1E0B2BF11A77536800B4FE14 /* UPlayer.h */,
				1E0B2BF21A77536800B4FE14 /* UPlayer.mm */,
			);
			path = src;
			sourceTree = "<group>";
		};
		1EB207C11AA80995007968C8 /* res */ = {
			isa = PBXGroup;
			children = (
				1EB207C81AA80EA5007968C8 /* player.icns */,
				1EB207C61AA80AF1007968C8 /* icon1.ico */,
				1EB207C21AA80995007968C8 /* player.png */,
				1EB207C31AA80995007968C8 /* player@2.png */,
			);
			path = res;
			sourceTree = "<group>";
		};
		1ECEB7631A9053AB006E8C23 /* General */ = {
			isa = PBXGroup;
			children = (
				1E0443641A7B75EE00B644D8 /* GeneralPreferences.h */,
				1E0443651A7B75EE00B644D8 /* GeneralPreferences.m */,
				1E0443671A7B766A00B644D8 /* GeneralPreferences.nib */,
				1E0443691A7B787D00B644D8 /* GeneralPreferences.png */,
			);
			name = General;
			sourceTree = "<group>";
		};
		1ECEB7641A9053BB006E8C23 /* Account */ = {
			isa = PBXGroup;
			children = (
				1ECEB7561A9052AD006E8C23 /* AccountPreferences.h */,
				1ECEB7571A9052AD006E8C23 /* AccountPreferences.mm */,
				1ECEB7581A9052AD006E8C23 /* AccountPreferences.nib */,
				1ECEB7591A9052AD006E8C23 /* AccountPreferences.png */,
				1ECEB75A1A9052AD006E8C23 /* AccountPreferences@2x.png */,
				1ECEB75F1A9053A2006E8C23 /* LastFMLogo.png */,
				1ECEB7601A9053A2006E8C23 /* LastFMLogo@2x.png */,
			);
			name = Account;
			sourceTree = "<group>";
		};
		1ECEB7651A9057E1006E8C23 /* Last.fm */ = {
			isa = PBXGroup;
			children = (
				1ECEB7761A9059A5006E8C23 /* Last_fm.cpp */,
				1ECEB7771A9059A5006E8C23 /* Last_fm.h */,
				1ECEB7661A90582B006E8C23 /* Last_fm_api.cpp */,
				1ECEB7671A90582B006E8C23 /* Last_fm_api.h */,
				1ECEB7681A90582B006E8C23 /* Last_fm_local_record.cpp */,
				1ECEB7691A90582B006E8C23 /* Last_fm_local_record.h */,
				1ECEB76A1A90582B006E8C23 /* Last_fm_user.cpp */,
				1ECEB76B1A90582B006E8C23 /* Last_fm_user.h */,
				1ECEB7831A90621D006E8C23 /* Last_fm_serialize.cpp */,
				1ECEB7841A90621D006E8C23 /* Last_fm_serialize.h */,
				1ECEB76C1A90582B006E8C23 /* md5.cpp */,
				1ECEB76D1A90582B006E8C23 /* md5.h */,
			);
			name = Last.fm;
			sourceTree = "<group>";
		};
		1ECEB7721A905874006E8C23 /* socketTool */ = {
			isa = PBXGroup;
			children = (
				1ECEB7731A905874006E8C23 /* socketTool.cpp */,
				1ECEB7741A905874006E8C23 /* socketTool.h */,
			);
			name = socketTool;
			path = Last.fm/socketTool;
			sourceTree = "<group>";
		};
		1ECEB7861A906231006E8C23 /* serialize */ = {
			isa = PBXGroup;
			children = (
				1ECEB7881A906231006E8C23 /* serialize.h */,
				1ECEB7871A906231006E8C23 /* serialize.cpp */,
			);
			name = serialize;
			path = Last.fm/serialize;
			sourceTree = "<group>";
		};
		1EDE8F991A773D810086677B = {
			isa = PBXGroup;
			children = (
				1EB207C11AA80995007968C8 /* res */,
				1EFD42D81A91EE85009D65B5 /* ShortCutcmd */,
				1EFD42921A91A8B9009D65B5 /* HotKeyRecorder */,
				1ECEB7861A906231006E8C23 /* serialize */,
				1ECEB7721A905874006E8C23 /* socketTool */,
				1ECEB7651A9057E1006E8C23 /* Last.fm */,
				1E04435C1A7B747A00B644D8 /* Preferences */,
				1E0B2BEC1A77536800B4FE14 /* src */,
				1EDE8FD41A7740EC0086677B /* lyricsFetcher */,
				1EDE8FA41A773D810086677B /* uPlayer */,
				1EDE8FE21A7742000086677B /* Frameworks */,
				1EDE8FA31A773D810086677B /* Products */,
			);
			sourceTree = "<group>";
		};
		1EDE8FA31A773D810086677B /* Products */ = {
			isa = PBXGroup;
			children = (
				1EDE8FA21A773D810086677B /* uPlayer.app */,
			);
			name = Products;
			sourceTree = "<group>";
		};
		1EDE8FA41A773D810086677B /* uPlayer */ = {
			isa = PBXGroup;
			children = (
				1EFD42CE1A91E847009D65B5 /* ThreadJob.h */,
				1EFD42CC1A91E826009D65B5 /* ThreadJob.mm */,
				1EDE8FA71A773D810086677B /* AppDelegate.h */,
				1EDE8FA81A773D810086677B /* AppDelegate.mm */,
				1E169A8A1A78E715003D3D01 /* windowController.h */,
				1E169A881A78E701003D3D01 /* windowController.m */,
				1EDE8FAC1A773D810086677B /* TracklistViewController.h */,
				1EDE8FAD1A773D810086677B /* TracklistViewController.m */,
				1E5F426B1A887BE800911BE8 /* PlaylistViewController.h */,
				1E5F426C1A887BE800911BE8 /* PlaylistViewController.m */,
				1EDE8FB11A773D810086677B /* Main.storyboard */,
				1EB207BC1AA801E3007968C8 /* StatusMenu.xib */,
				1EDE8FAF1A773D810086677B /* Images.xcassets */,
				1EDE8FA51A773D810086677B /* Supporting Files */,
			);
			path = uPlayer;
			sourceTree = "<group>";
		};
		1EDE8FA51A773D810086677B /* Supporting Files */ = {
			isa = PBXGroup;
			children = (
				1E169A7F1A78D05D003D3D01 /* Localizable.strings */,
				1EDE8FA61A773D810086677B /* Info.plist */,
				1EDE8FAA1A773D810086677B /* main.m */,
			);
			name = "Supporting Files";
			sourceTree = "<group>";
		};
		1EDE8FD41A7740EC0086677B /* lyricsFetcher */ = {
			isa = PBXGroup;
			children = (
				1EDE8FCB1A7740DC0086677B /* audioTag.cpp */,
				1EDE8FCC1A7740DC0086677B /* audioTag.h */,
				1EDE8FCD1A7740DC0086677B /* fileCtrl.cpp */,
				1EDE8FCE1A7740DC0086677B /* fileCtrl.h */,
				1EDE8FCF1A7740DC0086677B /* threadpool.cpp */,
				1EDE8FD01A7740DC0086677B /* threadpool.h */,
			);
			name = lyricsFetcher;
			sourceTree = "<group>";
		};
		1EDE8FE21A7742000086677B /* Frameworks */ = {
			isa = PBXGroup;
			children = (
				1E8FF13A1AA084A900EA0A89 /* Carbon.framework */,
				1EE5DDAC1A83380F0074D282 /* CoreMedia.framework */,
				1EE5DDAA1A8337DC0074D282 /* AVFoundation.framework */,
			);
			name = Frameworks;
			sourceTree = "<group>";
		};
		1EFD42921A91A8B9009D65B5 /* HotKeyRecorder */ = {
			isa = PBXGroup;
			children = (
				1EFD42AE1A91A985009D65B5 /* LLHotKeyRecorder.xcodeproj */,
			);
			name = HotKeyRecorder;
			sourceTree = "<group>";
		};
		1EFD42AF1A91A985009D65B5 /* Products */ = {
			isa = PBXGroup;
			children = (
				1EFD42B41A91A986009D65B5 /* LLHotKeyRecorder.framework */,
				1EFD42B61A91A986009D65B5 /* Tests.xctest */,
			);
			name = Products;
			sourceTree = "<group>";
		};
		1EFD42BA1A91ABBD009D65B5 /* HotKey */ = {
			isa = PBXGroup;
			children = (
				1EFD42BB1A91ABFF009D65B5 /* HotKeyPreferences.h */,
				1EFD42BC1A91ABFF009D65B5 /* HotKeyPreferences.m */,
				1EFD42BD1A91ABFF009D65B5 /* HotKeyPreferences.nib */,
				1EFD42BE1A91ABFF009D65B5 /* HotKeyPreferences.png */,
			);
			name = HotKey;
			sourceTree = "<group>";
		};
		1EFD42D81A91EE85009D65B5 /* ShortCutcmd */ = {
			isa = PBXGroup;
			children = (
				1EFD42DC1A91EE85009D65B5 /* shortcutKey.h */,
				1EFD42DB1A91EE85009D65B5 /* shortcutKey.mm */,
				1E7A78371AA974D9004E9DDC /* keymaps.json */,
			);
			path = ShortCutcmd;
			sourceTree = "<group>";
		};
/* End PBXGroup section */

/* Begin PBXNativeTarget section */
		1EDE8FA11A773D810086677B /* uPlayer */ = {
			isa = PBXNativeTarget;
			buildConfigurationList = 1EDE8FC21A773D810086677B /* Build configuration list for PBXNativeTarget "uPlayer" */;
			buildPhases = (
				1EDE8F9E1A773D810086677B /* Sources */,
				1EDE8F9F1A773D810086677B /* Frameworks */,
				1EDE8FA01A773D810086677B /* Resources */,
				1E89285B1AA1B05600CF0634 /* CopyFiles */,
			);
			buildRules = (
			);
			dependencies = (
				1EFD42B81A91A9B2009D65B5 /* PBXTargetDependency */,
			);
			name = uPlayer;
			productName = uPlayer;
			productReference = 1EDE8FA21A773D810086677B /* uPlayer.app */;
			productType = "com.apple.product-type.application";
		};
/* End PBXNativeTarget section */

/* Begin PBXProject section */
		1EDE8F9A1A773D810086677B /* Project object */ = {
			isa = PBXProject;
			attributes = {
				LastUpgradeCheck = 0610;
				ORGANIZATIONNAME = liaogang;
				TargetAttributes = {
					1EDE8FA11A773D810086677B = {
						CreatedOnToolsVersion = 6.1.1;
					};
				};
			};
			buildConfigurationList = 1EDE8F9D1A773D810086677B /* Build configuration list for PBXProject "uPlayer" */;
			compatibilityVersion = "Xcode 3.2";
			developmentRegion = English;
			hasScannedForEncodings = 0;
			knownRegions = (
				Base,
				"zh-Hans",
			);
			mainGroup = 1EDE8F991A773D810086677B;
			productRefGroup = 1EDE8FA31A773D810086677B /* Products */;
			projectDirPath = "";
			projectReferences = (
				{
					ProductGroup = 1EFD42AF1A91A985009D65B5 /* Products */;
					ProjectRef = 1EFD42AE1A91A985009D65B5 /* LLHotKeyRecorder.xcodeproj */;
				},
			);
			projectRoot = "";
			targets = (
				1EDE8FA11A773D810086677B /* uPlayer */,
			);
		};
/* End PBXProject section */

/* Begin PBXReferenceProxy section */
		1EFD42B41A91A986009D65B5 /* LLHotKeyRecorder.framework */ = {
			isa = PBXReferenceProxy;
			fileType = wrapper.framework;
			path = LLHotKeyRecorder.framework;
			remoteRef = 1EFD42B31A91A986009D65B5 /* PBXContainerItemProxy */;
			sourceTree = BUILT_PRODUCTS_DIR;
		};
		1EFD42B61A91A986009D65B5 /* Tests.xctest */ = {
			isa = PBXReferenceProxy;
			fileType = wrapper.cfbundle;
			path = Tests.xctest;
			remoteRef = 1EFD42B51A91A986009D65B5 /* PBXContainerItemProxy */;
			sourceTree = BUILT_PRODUCTS_DIR;
		};
/* End PBXReferenceProxy section */

/* Begin PBXResourcesBuildPhase section */
		1EDE8FA01A773D810086677B /* Resources */ = {
			isa = PBXResourcesBuildPhase;
			buildActionMask = 2147483647;
			files = (
				1EB207C41AA80995007968C8 /* player.png in Resources */,
				1ECEB75C1A9052AD006E8C23 /* AccountPreferences.nib in Resources */,
				1EB207C51AA80995007968C8 /* player@2.png in Resources */,
				1ECEB75E1A9052AD006E8C23 /* AccountPreferences@2x.png in Resources */,
				1E7A78381AA974D9004E9DDC /* keymaps.json in Resources */,
				1EFD42C11A91ABFF009D65B5 /* HotKeyPreferences.png in Resources */,
				1ECEB7621A9053A2006E8C23 /* LastFMLogo@2x.png in Resources */,
				1EDE8FB01A773D810086677B /* Images.xcassets in Resources */,
				1EFD42C01A91ABFF009D65B5 /* HotKeyPreferences.nib in Resources */,
				1E04436A1A7B787D00B644D8 /* GeneralPreferences.png in Resources */,
				1ECEB75D1A9052AD006E8C23 /* AccountPreferences.png in Resources */,
				1E0443681A7B766A00B644D8 /* GeneralPreferences.nib in Resources */,
				1E169A7D1A78D05D003D3D01 /* Localizable.strings in Resources */,
				1EB207C71AA80AF1007968C8 /* icon1.ico in Resources */,
				1EB207BD1AA801E3007968C8 /* StatusMenu.xib in Resources */,
				1EB207C91AA80EA5007968C8 /* player.icns in Resources */,
				1EDE8FB31A773D810086677B /* Main.storyboard in Resources */,
				1ECEB7611A9053A2006E8C23 /* LastFMLogo.png in Resources */,
			);
			runOnlyForDeploymentPostprocessing = 0;
		};
/* End PBXResourcesBuildPhase section */

/* Begin PBXSourcesBuildPhase section */
		1EDE8F9E1A773D810086677B /* Sources */ = {
			isa = PBXSourcesBuildPhase;
			buildActionMask = 2147483647;
			files = (
				1EDE8FD31A7740DC0086677B /* threadpool.cpp in Sources */,
				1ECEB76E1A90582B006E8C23 /* Last_fm_api.cpp in Sources */,
				1EDE8FD21A7740DC0086677B /* fileCtrl.cpp in Sources */,
				1E5F426D1A887BE800911BE8 /* PlaylistViewController.m in Sources */,
				1ECEB7891A906231006E8C23 /* serialize.cpp in Sources */,
				1E0B2BF51A77536800B4FE14 /* UPlayer.mm in Sources */,
				1ECEB7851A90621D006E8C23 /* Last_fm_serialize.cpp in Sources */,
				1EDE8FAE1A773D810086677B /* TracklistViewController.m in Sources */,
				1ECEB7781A9059A5006E8C23 /* Last_fm.cpp in Sources */,
				1EDE8FD11A7740DC0086677B /* audioTag.cpp in Sources */,
				1E0B2BFB1A7754D000B4FE14 /* PlayerTrack.m in Sources */,
				1E5F9ECA1A7A2DB2000360D7 /* PlayerSerialize.mm in Sources */,
				1E8F70321AA470950012402E /* PlayerQueue.m in Sources */,
				1EDE8FAB1A773D810086677B /* main.m in Sources */,
				1E0B2BFD1A7755C400B4FE14 /* PlayerImpl.mm in Sources */,
				1E5F9EC51A7A1979000360D7 /* PlayerEngine.mm in Sources */,
				1E169A891A78E701003D3D01 /* windowController.m in Sources */,
				1E0B2BF41A77536800B4FE14 /* PlayerLayout.m in Sources */,
				1EFD42CD1A91E826009D65B5 /* ThreadJob.mm in Sources */,
				1E0443611A7B747A00B644D8 /* AppPreferences.m in Sources */,
				1ECEB76F1A90582B006E8C23 /* Last_fm_local_record.cpp in Sources */,
				1E169A8D1A78FF88003D3D01 /* PlayerMessage.mm in Sources */,
				1E0443661A7B75EE00B644D8 /* GeneralPreferences.m in Sources */,
				1ECEB7751A905874006E8C23 /* socketTool.cpp in Sources */,
				1EDE8FA91A773D810086677B /* AppDelegate.mm in Sources */,
				1ED021AA1A7B3383008526E8 /* PlayerList.m in Sources */,
				1E0B2BF31A77536800B4FE14 /* PlayerDocument.mm in Sources */,
				1ECEB7711A90582B006E8C23 /* md5.cpp in Sources */,
				1EFD42BF1A91ABFF009D65B5 /* HotKeyPreferences.m in Sources */,
				1EFD42DE1A91EE85009D65B5 /* shortcutKey.mm in Sources */,
				1ECEB7701A90582B006E8C23 /* Last_fm_user.cpp in Sources */,
				1ED021AD1A7B3C89008526E8 /* PlayerSerachMng.m in Sources */,
				1ECEB75B1A9052AD006E8C23 /* AccountPreferences.mm in Sources */,
			);
			runOnlyForDeploymentPostprocessing = 0;
		};
/* End PBXSourcesBuildPhase section */

/* Begin PBXTargetDependency section */
		1EFD42B81A91A9B2009D65B5 /* PBXTargetDependency */ = {
			isa = PBXTargetDependency;
			name = LLHotKeyRecorder;
			targetProxy = 1EFD42B71A91A9B2009D65B5 /* PBXContainerItemProxy */;
		};
/* End PBXTargetDependency section */

/* Begin PBXVariantGroup section */
		1E169A7F1A78D05D003D3D01 /* Localizable.strings */ = {
			isa = PBXVariantGroup;
			children = (
				1E169A7E1A78D05D003D3D01 /* Base */,
				1E169A841A78D295003D3D01 /* zh-Hans */,
			);
			name = Localizable.strings;
			path = ..;
			sourceTree = "<group>";
		};
		1EDE8FB11A773D810086677B /* Main.storyboard */ = {
			isa = PBXVariantGroup;
			children = (
				1EDE8FB21A773D810086677B /* Base */,
				1E16D53B1A8B0F8A00C844ED /* zh-Hans */,
			);
			name = Main.storyboard;
			sourceTree = "<group>";
		};
/* End PBXVariantGroup section */

/* Begin XCBuildConfiguration section */
		1EDE8FC01A773D810086677B /* Debug */ = {
			isa = XCBuildConfiguration;
			buildSettings = {
				ALWAYS_SEARCH_USER_PATHS = NO;
				CLANG_CXX_LANGUAGE_STANDARD = "gnu++0x";
				CLANG_CXX_LIBRARY = "libc++";
				CLANG_ENABLE_MODULES = YES;
				CLANG_ENABLE_OBJC_ARC = YES;
				CLANG_WARN_BOOL_CONVERSION = YES;
				CLANG_WARN_CONSTANT_CONVERSION = YES;
				CLANG_WARN_DIRECT_OBJC_ISA_USAGE = YES_ERROR;
				CLANG_WARN_EMPTY_BODY = YES;
				CLANG_WARN_ENUM_CONVERSION = YES;
				CLANG_WARN_INT_CONVERSION = YES;
				CLANG_WARN_OBJC_ROOT_CLASS = YES_ERROR;
				CLANG_WARN_UNREACHABLE_CODE = YES;
				CLANG_WARN__DUPLICATE_METHOD_MATCH = YES;
				CODE_SIGN_IDENTITY = "-";
				COPY_PHASE_STRIP = NO;
				ENABLE_STRICT_OBJC_MSGSEND = YES;
				GCC_C_LANGUAGE_STANDARD = gnu99;
				GCC_DYNAMIC_NO_PIC = NO;
				GCC_OPTIMIZATION_LEVEL = 0;
				GCC_PREPROCESSOR_DEFINITIONS = (
					"DEBUG=1",
					"$(inherited)",
				);
				GCC_SYMBOLS_PRIVATE_EXTERN = NO;
				GCC_WARN_64_TO_32_BIT_CONVERSION = YES;
				GCC_WARN_ABOUT_RETURN_TYPE = YES_ERROR;
				GCC_WARN_UNDECLARED_SELECTOR = YES;
				GCC_WARN_UNINITIALIZED_AUTOS = YES_AGGRESSIVE;
				GCC_WARN_UNUSED_FUNCTION = YES;
				GCC_WARN_UNUSED_VARIABLE = YES;
				MACOSX_DEPLOYMENT_TARGET = 10.10;
				MTL_ENABLE_DEBUG_INFO = YES;
				ONLY_ACTIVE_ARCH = YES;
				SDKROOT = macosx;
			};
			name = Debug;
		};
		1EDE8FC11A773D810086677B /* Release */ = {
			isa = XCBuildConfiguration;
			buildSettings = {
				ALWAYS_SEARCH_USER_PATHS = NO;
				CLANG_CXX_LANGUAGE_STANDARD = "gnu++0x";
				CLANG_CXX_LIBRARY = "libc++";
				CLANG_ENABLE_MODULES = YES;
				CLANG_ENABLE_OBJC_ARC = YES;
				CLANG_WARN_BOOL_CONVERSION = YES;
				CLANG_WARN_CONSTANT_CONVERSION = YES;
				CLANG_WARN_DIRECT_OBJC_ISA_USAGE = YES_ERROR;
				CLANG_WARN_EMPTY_BODY = YES;
				CLANG_WARN_ENUM_CONVERSION = YES;
				CLANG_WARN_INT_CONVERSION = YES;
				CLANG_WARN_OBJC_ROOT_CLASS = YES_ERROR;
				CLANG_WARN_UNREACHABLE_CODE = YES;
				CLANG_WARN__DUPLICATE_METHOD_MATCH = YES;
				CODE_SIGN_IDENTITY = "-";
				COPY_PHASE_STRIP = YES;
				DEBUG_INFORMATION_FORMAT = "dwarf-with-dsym";
				ENABLE_NS_ASSERTIONS = NO;
				ENABLE_STRICT_OBJC_MSGSEND = YES;
				GCC_C_LANGUAGE_STANDARD = gnu99;
				GCC_WARN_64_TO_32_BIT_CONVERSION = YES;
				GCC_WARN_ABOUT_RETURN_TYPE = YES_ERROR;
				GCC_WARN_UNDECLARED_SELECTOR = YES;
				GCC_WARN_UNINITIALIZED_AUTOS = YES_AGGRESSIVE;
				GCC_WARN_UNUSED_FUNCTION = YES;
				GCC_WARN_UNUSED_VARIABLE = YES;
				MACOSX_DEPLOYMENT_TARGET = 10.10;
				MTL_ENABLE_DEBUG_INFO = NO;
				SDKROOT = macosx;
			};
			name = Release;
		};
		1EDE8FC31A773D810086677B /* Debug */ = {
			isa = XCBuildConfiguration;
			buildSettings = {
				ASSETCATALOG_COMPILER_APPICON_NAME = AppIcon;
				CODE_SIGN_IDENTITY = "";
				COMBINE_HIDPI_IMAGES = YES;
				FRAMEWORK_SEARCH_PATHS = (
					"$(inherited)",
					"$(PROJECT_DIR)",
					"$(PROJECT_DIR)/Frameworks",
				);
				HEADER_SEARCH_PATHS = (
					"$(inherited)",
					/Applications/Xcode.app/Contents/Developer/Toolchains/XcodeDefault.xctoolchain/usr/include,
					/usr/local/include,
					"\"$(SRCROOT)/LLHotKeyRecorder/LLHotKeyRecorder\"",
				);
				INFOPLIST_FILE = uPlayer/Info.plist;
				LD_RUNPATH_SEARCH_PATHS = "$(inherited) @executable_path/../Frameworks";
				LIBRARY_SEARCH_PATHS = /usr/local/lib;
				OTHER_LDFLAGS = (
					"-ltag",
					"-ljson",
				);
				PRODUCT_NAME = "$(TARGET_NAME)";
				VALID_ARCHS = x86_64;
			};
			name = Debug;
		};
		1EDE8FC41A773D810086677B /* Release */ = {
			isa = XCBuildConfiguration;
			buildSettings = {
				ASSETCATALOG_COMPILER_APPICON_NAME = AppIcon;
				CODE_SIGN_IDENTITY = "";
				COMBINE_HIDPI_IMAGES = YES;
				FRAMEWORK_SEARCH_PATHS = (
					"$(inherited)",
					"$(PROJECT_DIR)",
					"$(PROJECT_DIR)/Frameworks",
				);
				HEADER_SEARCH_PATHS = (
					"$(inherited)",
					/Applications/Xcode.app/Contents/Developer/Toolchains/XcodeDefault.xctoolchain/usr/include,
					/usr/local/include,
					"\"$(SRCROOT)/LLHotKeyRecorder/LLHotKeyRecorder\"",
				);
				INFOPLIST_FILE = uPlayer/Info.plist;
				LD_RUNPATH_SEARCH_PATHS = "$(inherited) @executable_path/../Frameworks";
				LIBRARY_SEARCH_PATHS = /usr/local/lib;
				OTHER_LDFLAGS = (
					"-ltag",
					"-ljson",
				);
				PRODUCT_NAME = "$(TARGET_NAME)";
				VALID_ARCHS = x86_64;
			};
			name = Release;
		};
/* End XCBuildConfiguration section */

/* Begin XCConfigurationList section */
		1EDE8F9D1A773D810086677B /* Build configuration list for PBXProject "uPlayer" */ = {
			isa = XCConfigurationList;
			buildConfigurations = (
				1EDE8FC01A773D810086677B /* Debug */,
				1EDE8FC11A773D810086677B /* Release */,
			);
			defaultConfigurationIsVisible = 0;
			defaultConfigurationName = Release;
		};
		1EDE8FC21A773D810086677B /* Build configuration list for PBXNativeTarget "uPlayer" */ = {
			isa = XCConfigurationList;
			buildConfigurations = (
				1EDE8FC31A773D810086677B /* Debug */,
				1EDE8FC41A773D810086677B /* Release */,
			);
			defaultConfigurationIsVisible = 0;
			defaultConfigurationName = Release;
		};
/* End XCConfigurationList section */
	};
	rootObject = 1EDE8F9A1A773D810086677B /* Project object */;
}
