// !$*UTF8*$!
{
	archiveVersion = 1;
	classes = {
	};
	objectVersion = 46;
	objects = {

/* Begin PBXBuildFile section */
		1E0443611A7B747A00B644D8 /* AppPreferences.m in Sources */ = {isa = PBXBuildFile; fileRef = 1E04435E1A7B747A00B644D8 /* AppPreferences.m */; };
		1E0443661A7B75EE00B644D8 /* GeneralPreferences.m in Sources */ = {isa = PBXBuildFile; fileRef = 1E0443651A7B75EE00B644D8 /* GeneralPreferences.m */; };
		1E04436A1A7B787D00B644D8 /* GeneralPreferences.png in Resources */ = {isa = PBXBuildFile; fileRef = 1E0443691A7B787D00B644D8 /* GeneralPreferences.png */; };
		1E0B2BF31A77536800B4FE14 /* PlayerDocument.mm in Sources */ = {isa = PBXBuildFile; fileRef = 1E0B2BEE1A77536800B4FE14 /* PlayerDocument.mm */; };
		1E0B2BF41A77536800B4FE14 /* PlayerLayout.mm in Sources */ = {isa = PBXBuildFile; fileRef = 1E0B2BF01A77536800B4FE14 /* PlayerLayout.mm */; };
		1E0B2BF51A77536800B4FE14 /* UPlayer.mm in Sources */ = {isa = PBXBuildFile; fileRef = 1E0B2BF21A77536800B4FE14 /* UPlayer.mm */; };
		1E0B2BFB1A7754D000B4FE14 /* PlayerTrack.m in Sources */ = {isa = PBXBuildFile; fileRef = 1E0B2BFA1A7754D000B4FE14 /* PlayerTrack.m */; };
		1E0B2BFD1A7755C400B4FE14 /* PlayerImpl.mm in Sources */ = {isa = PBXBuildFile; fileRef = 1E0B2BFC1A7755C400B4FE14 /* PlayerImpl.mm */; };
		1E154DF61AAEFA8A0000A3B1 /* keycode.mm in Sources */ = {isa = PBXBuildFile; fileRef = 1E154DF51AAEFA8A0000A3B1 /* keycode.mm */; };
		1E169A891A78E701003D3D01 /* windowController.mm in Sources */ = {isa = PBXBuildFile; fileRef = 1E169A881A78E701003D3D01 /* windowController.mm */; };
		1E169A8D1A78FF88003D3D01 /* PlayerMessage.mm in Sources */ = {isa = PBXBuildFile; fileRef = 1E169A8C1A78FF88003D3D01 /* PlayerMessage.mm */; };
		1E211DC91ACA5490005F994C /* libpthread.dylib in Frameworks */ = {isa = PBXBuildFile; fileRef = 1E211DC81ACA5490005F994C /* libpthread.dylib */; };
		1E3187861AF8D683003657BD /* stringConv.cpp in Sources */ = {isa = PBXBuildFile; fileRef = 1E3187841AF8D683003657BD /* stringConv.cpp */; };
		1E3AF1CA1ADF6A64004AA408 /* uPlayer.icns in Resources */ = {isa = PBXBuildFile; fileRef = 1E3AF1C91ADF6A64004AA408 /* uPlayer.icns */; };
		1E3AF1E11ADF756B004AA408 /* uPlayerStatus.png in Resources */ = {isa = PBXBuildFile; fileRef = 1E3AF1DF1ADF756B004AA408 /* uPlayerStatus.png */; };
		1E3AF1E21ADF756B004AA408 /* uPlayerStatus@2x.png in Resources */ = {isa = PBXBuildFile; fileRef = 1E3AF1E01ADF756B004AA408 /* uPlayerStatus@2x.png */; };
		1E3AF1E41ADF76C6004AA408 /* uPlayer-mp3.icns in Resources */ = {isa = PBXBuildFile; fileRef = 1E3AF1E31ADF76C6004AA408 /* uPlayer-mp3.icns */; };
		1E4900141B047CD600A9481A /* Smine.icns in Resources */ = {isa = PBXBuildFile; fileRef = 1E4900121B047CD600A9481A /* Smine.icns */; };
		1E4900151B047CD600A9481A /* Smine.png in Resources */ = {isa = PBXBuildFile; fileRef = 1E4900131B047CD600A9481A /* Smine.png */; };
		1E5F426D1A887BE800911BE8 /* PlaylistViewController.mm in Sources */ = {isa = PBXBuildFile; fileRef = 1E5F426C1A887BE800911BE8 /* PlaylistViewController.mm */; };
		1E5F6D931ABC35FF00430128 /* Pause_Button.png in Resources */ = {isa = PBXBuildFile; fileRef = 1E5F6D8B1ABC35FF00430128 /* Pause_Button.png */; };
		1E5F6D941ABC35FF00430128 /* Pause_Button@2x.png in Resources */ = {isa = PBXBuildFile; fileRef = 1E5F6D8C1ABC35FF00430128 /* Pause_Button@2x.png */; };
		1E5F6D971ABC35FF00430128 /* Play_Button.png in Resources */ = {isa = PBXBuildFile; fileRef = 1E5F6D8F1ABC35FF00430128 /* Play_Button.png */; };
		1E5F6D981ABC35FF00430128 /* Play_Button@2x.png in Resources */ = {isa = PBXBuildFile; fileRef = 1E5F6D901ABC35FF00430128 /* Play_Button@2x.png */; };
		1E5F9EC51A7A1979000360D7 /* PlayerEngine.mm in Sources */ = {isa = PBXBuildFile; fileRef = 1E5F9EC41A7A1979000360D7 /* PlayerEngine.mm */; };
		1E5F9ECA1A7A2DB2000360D7 /* PlayerSerialize.mm in Sources */ = {isa = PBXBuildFile; fileRef = 1E5F9EC81A7A2DB2000360D7 /* PlayerSerialize.mm */; };
		1E65A62B1AC4235C00D21C58 /* PlayerLastFm.mm in Sources */ = {isa = PBXBuildFile; fileRef = 1E65A62A1AC4235C00D21C58 /* PlayerLastFm.mm */; };
		1E7A78381AA974D9004E9DDC /* keymaps.json in Resources */ = {isa = PBXBuildFile; fileRef = 1E7A78371AA974D9004E9DDC /* keymaps.json */; };
		1E89285C1AA1B06B00CF0634 /* LLHotKeyRecorder.framework in CopyFiles */ = {isa = PBXBuildFile; fileRef = 1EFD42B41A91A986009D65B5 /* LLHotKeyRecorder.framework */; settings = {ATTRIBUTES = (CodeSignOnCopy, RemoveHeadersOnCopy, ); }; };
		1E8F70321AA470950012402E /* PlayerQueue.m in Sources */ = {isa = PBXBuildFile; fileRef = 1E8F70311AA470950012402E /* PlayerQueue.m */; };
		1E8FF13B1AA084A900EA0A89 /* Carbon.framework in Frameworks */ = {isa = PBXBuildFile; fileRef = 1E8FF13A1AA084A900EA0A89 /* Carbon.framework */; };
		1E9047F91AB2CA190000ED86 /* MAAssert.m in Sources */ = {isa = PBXBuildFile; fileRef = 1E9047F81AB2CA190000ED86 /* MAAssert.m */; };
		1E9047FC1AB2CB110000ED86 /* PlayerError.m in Sources */ = {isa = PBXBuildFile; fileRef = 1E9047FB1AB2CB110000ED86 /* PlayerError.m */; };
		1E9C94FD1AF9C603009037E0 /* audioTag2.mm in Sources */ = {isa = PBXBuildFile; fileRef = 1E9C94FC1AF9C603009037E0 /* audioTag2.mm */; };
		1EA38A4F1AE1003300016273 /* uPlayer.png in Resources */ = {isa = PBXBuildFile; fileRef = 1EA38A4D1AE1003300016273 /* uPlayer.png */; };
		1EA38A501AE1003300016273 /* uPlayer@2x.png in Resources */ = {isa = PBXBuildFile; fileRef = 1EA38A4E1AE1003300016273 /* uPlayer@2x.png */; };
		1EAA25C11AD67405008F44EC /* MemoryFileBuffer.cpp in Sources */ = {isa = PBXBuildFile; fileRef = 1EAA25BF1AD67405008F44EC /* MemoryFileBuffer.cpp */; };
		1EAA25C41AD688ED008F44EC /* PlayerLayout+MemoryFileBuffer.mm in Sources */ = {isa = PBXBuildFile; fileRef = 1EAA25C21AD688ED008F44EC /* PlayerLayout+MemoryFileBuffer.mm */; };
		1EC8B91B1B141665001E3F78 /* Timer.png in Resources */ = {isa = PBXBuildFile; fileRef = 1EC8B91A1B141665001E3F78 /* Timer.png */; };
		1EC8B91E1B141683001E3F78 /* TimerPreferences.m in Sources */ = {isa = PBXBuildFile; fileRef = 1EC8B91D1B141683001E3F78 /* TimerPreferences.m */; };
		1EC8B9201B1416D5001E3F78 /* TimerPreferences.xib in Resources */ = {isa = PBXBuildFile; fileRef = 1EC8B91F1B1416D5001E3F78 /* TimerPreferences.xib */; };
		1ECEB75B1A9052AD006E8C23 /* AccountPreferences.mm in Sources */ = {isa = PBXBuildFile; fileRef = 1ECEB7571A9052AD006E8C23 /* AccountPreferences.mm */; };
		1ECEB75D1A9052AD006E8C23 /* AccountPreferences.png in Resources */ = {isa = PBXBuildFile; fileRef = 1ECEB7591A9052AD006E8C23 /* AccountPreferences.png */; };
		1ECEB75E1A9052AD006E8C23 /* AccountPreferences@2x.png in Resources */ = {isa = PBXBuildFile; fileRef = 1ECEB75A1A9052AD006E8C23 /* AccountPreferences@2x.png */; };
		1ECEB7611A9053A2006E8C23 /* LastFMLogo.png in Resources */ = {isa = PBXBuildFile; fileRef = 1ECEB75F1A9053A2006E8C23 /* LastFMLogo.png */; };
		1ECEB7621A9053A2006E8C23 /* LastFMLogo@2x.png in Resources */ = {isa = PBXBuildFile; fileRef = 1ECEB7601A9053A2006E8C23 /* LastFMLogo@2x.png */; };
		1ECEB76E1A90582B006E8C23 /* Last_fm_api.cpp in Sources */ = {isa = PBXBuildFile; fileRef = 1ECEB7661A90582B006E8C23 /* Last_fm_api.cpp */; };
		1ECEB76F1A90582B006E8C23 /* Last_fm_local_record.cpp in Sources */ = {isa = PBXBuildFile; fileRef = 1ECEB7681A90582B006E8C23 /* Last_fm_local_record.cpp */; };
		1ECEB7701A90582B006E8C23 /* Last_fm_user.cpp in Sources */ = {isa = PBXBuildFile; fileRef = 1ECEB76A1A90582B006E8C23 /* Last_fm_user.cpp */; };
		1ECEB7711A90582B006E8C23 /* md5.cpp in Sources */ = {isa = PBXBuildFile; fileRef = 1ECEB76C1A90582B006E8C23 /* md5.cpp */; };
		1ECEB7751A905874006E8C23 /* socketTool.cpp in Sources */ = {isa = PBXBuildFile; fileRef = 1ECEB7731A905874006E8C23 /* socketTool.cpp */; };
		1ECEB7781A9059A5006E8C23 /* Last_fm.cpp in Sources */ = {isa = PBXBuildFile; fileRef = 1ECEB7761A9059A5006E8C23 /* Last_fm.cpp */; };
		1ECEB7851A90621D006E8C23 /* Last_fm_serialize.cpp in Sources */ = {isa = PBXBuildFile; fileRef = 1ECEB7831A90621D006E8C23 /* Last_fm_serialize.cpp */; };
		1ED021AA1A7B3383008526E8 /* PlayerList.m in Sources */ = {isa = PBXBuildFile; fileRef = 1ED021A91A7B3383008526E8 /* PlayerList.m */; };
		1ED021AD1A7B3C89008526E8 /* PlayerSerachMng.m in Sources */ = {isa = PBXBuildFile; fileRef = 1ED021AC1A7B3C89008526E8 /* PlayerSerachMng.m */; };
		1ED6B0A51AEA043F00DBEEE4 /* id3Info.mm in Sources */ = {isa = PBXBuildFile; fileRef = 1ED6B0A41AEA043F00DBEEE4 /* id3Info.mm */; };
		1EDAAD451AB6F17E009DB36A /* Localizable.strings in Resources */ = {isa = PBXBuildFile; fileRef = 1EDAAD471AB6F17E009DB36A /* Localizable.strings */; };
		1EDE8FA91A773D810086677B /* AppDelegate.mm in Sources */ = {isa = PBXBuildFile; fileRef = 1EDE8FA81A773D810086677B /* AppDelegate.mm */; };
		1EDE8FAB1A773D810086677B /* main.m in Sources */ = {isa = PBXBuildFile; fileRef = 1EDE8FAA1A773D810086677B /* main.m */; };
		1EDE8FAE1A773D810086677B /* TracklistViewController.mm in Sources */ = {isa = PBXBuildFile; fileRef = 1EDE8FAD1A773D810086677B /* TracklistViewController.mm */; };
		1EDE8FB01A773D810086677B /* Images.xcassets in Resources */ = {isa = PBXBuildFile; fileRef = 1EDE8FAF1A773D810086677B /* Images.xcassets */; };
		1EDE8FB31A773D810086677B /* Main.storyboard in Resources */ = {isa = PBXBuildFile; fileRef = 1EDE8FB11A773D810086677B /* Main.storyboard */; };
		1EDE8FD21A7740DC0086677B /* fileCtrl.cpp in Sources */ = {isa = PBXBuildFile; fileRef = 1EDE8FCD1A7740DC0086677B /* fileCtrl.cpp */; };
		1EDE8FD31A7740DC0086677B /* threadpool.cpp in Sources */ = {isa = PBXBuildFile; fileRef = 1EDE8FCF1A7740DC0086677B /* threadpool.cpp */; };
		1EE5DDAB1A8337DC0074D282 /* AVFoundation.framework in Frameworks */ = {isa = PBXBuildFile; fileRef = 1EE5DDAA1A8337DC0074D282 /* AVFoundation.framework */; };
		1EE5DDAD1A83380F0074D282 /* CoreMedia.framework in Frameworks */ = {isa = PBXBuildFile; fileRef = 1EE5DDAC1A83380F0074D282 /* CoreMedia.framework */; };
		1EFAA29E1AC001D10010A965 /* NextTrack_Button.png in Resources */ = {isa = PBXBuildFile; fileRef = 1EFAA2981AC001D10010A965 /* NextTrack_Button.png */; };
		1EFAA29F1AC001D10010A965 /* NextTrack_Button@2x.png in Resources */ = {isa = PBXBuildFile; fileRef = 1EFAA2991AC001D10010A965 /* NextTrack_Button@2x.png */; };
		1EFAA2A21AC001D10010A965 /* Play_Random.png in Resources */ = {isa = PBXBuildFile; fileRef = 1EFAA29C1AC001D10010A965 /* Play_Random.png */; };
		1EFAA2A31AC001D10010A965 /* Play_Random@2x.png in Resources */ = {isa = PBXBuildFile; fileRef = 1EFAA29D1AC001D10010A965 /* Play_Random@2x.png */; };
		1EFBB8A91ABADDB4008F8B7B /* StatusMenu.xib in Resources */ = {isa = PBXBuildFile; fileRef = 1EFBB8AB1ABADDB4008F8B7B /* StatusMenu.xib */; };
		1EFBB8BD1ABAE045008F8B7B /* AccountPreferences.xib in Resources */ = {isa = PBXBuildFile; fileRef = 1EFBB8BF1ABAE045008F8B7B /* AccountPreferences.xib */; };
		1EFBB8E11ABAEBAC008F8B7B /* GeneralPreferences.xib in Resources */ = {isa = PBXBuildFile; fileRef = 1EFBB8E31ABAEBAC008F8B7B /* GeneralPreferences.xib */; };
		1EFBB8E61ABAEBB1008F8B7B /* HotKeyPreferences.xib in Resources */ = {isa = PBXBuildFile; fileRef = 1EFBB8E81ABAEBB1008F8B7B /* HotKeyPreferences.xib */; };
		1EFD42B91A91A9EF009D65B5 /* LLHotKeyRecorder.framework in Frameworks */ = {isa = PBXBuildFile; fileRef = 1EFD42B41A91A986009D65B5 /* LLHotKeyRecorder.framework */; };
		1EFD42BF1A91ABFF009D65B5 /* HotKeyPreferences.m in Sources */ = {isa = PBXBuildFile; fileRef = 1EFD42BC1A91ABFF009D65B5 /* HotKeyPreferences.m */; };
		1EFD42C11A91ABFF009D65B5 /* HotKeyPreferences.png in Resources */ = {isa = PBXBuildFile; fileRef = 1EFD42BE1A91ABFF009D65B5 /* HotKeyPreferences.png */; };
		1EFD42CD1A91E826009D65B5 /* ThreadJob.mm in Sources */ = {isa = PBXBuildFile; fileRef = 1EFD42CC1A91E826009D65B5 /* ThreadJob.mm */; };
		1EFD42DE1A91EE85009D65B5 /* shortcutKey.mm in Sources */ = {isa = PBXBuildFile; fileRef = 1EFD42DB1A91EE85009D65B5 /* shortcutKey.mm */; };
		3A4ED56EE8C89A4225510F30 /* libPods-uPlayer.a in Frameworks */ = {isa = PBXBuildFile; fileRef = 313FA56A96AF81C657FC2AC0 /* libPods-uPlayer.a */; };
/* End PBXBuildFile section */

/* Begin PBXContainerItemProxy section */
		1EFD42B31A91A986009D65B5 /* PBXContainerItemProxy */ = {
			isa = PBXContainerItemProxy;
			containerPortal = 1EFD42AE1A91A985009D65B5 /* LLHotKeyRecorder.xcodeproj */;
			proxyType = 2;
			remoteGlobalIDString = 6D05D92C191560F200CAF7AF;
			remoteInfo = LLHotKeyRecorder;
		};
		1EFD42B51A91A986009D65B5 /* PBXContainerItemProxy */ = {
			isa = PBXContainerItemProxy;
			containerPortal = 1EFD42AE1A91A985009D65B5 /* LLHotKeyRecorder.xcodeproj */;
			proxyType = 2;
			remoteGlobalIDString = 6D05D943191560F200CAF7AF;
			remoteInfo = Tests;
		};
		1EFD42B71A91A9B2009D65B5 /* PBXContainerItemProxy */ = {
			isa = PBXContainerItemProxy;
			containerPortal = 1EFD42AE1A91A985009D65B5 /* LLHotKeyRecorder.xcodeproj */;
			proxyType = 1;
			remoteGlobalIDString = 6D05D92B191560F200CAF7AF;
			remoteInfo = LLHotKeyRecorder;
		};
/* End PBXContainerItemProxy section */

/* Begin PBXCopyFilesBuildPhase section */
		1E89285B1AA1B05600CF0634 /* CopyFiles */ = {
			isa = PBXCopyFilesBuildPhase;
			buildActionMask = 2147483647;
			dstPath = "";
			dstSubfolderSpec = 10;
			files = (
				1E89285C1AA1B06B00CF0634 /* LLHotKeyRecorder.framework in CopyFiles */,
			);
			runOnlyForDeploymentPostprocessing = 0;
		};
/* End PBXCopyFilesBuildPhase section */

/* Begin PBXFileReference section */
		1E04435D1A7B747A00B644D8 /* AppPreferences.h */ = {isa = PBXFileReference; fileEncoding = 4; lastKnownFileType = sourcecode.c.h; path = AppPreferences.h; sourceTree = "<group>"; };
		1E04435E1A7B747A00B644D8 /* AppPreferences.m */ = {isa = PBXFileReference; fileEncoding = 4; lastKnownFileType = sourcecode.c.objc; path = AppPreferences.m; sourceTree = "<group>"; };
		1E04435F1A7B747A00B644D8 /* NSPreferences.h */ = {isa = PBXFileReference; fileEncoding = 4; lastKnownFileType = sourcecode.c.h; path = NSPreferences.h; sourceTree = "<group>"; };
		1E0443601A7B747A00B644D8 /* NSPreferencesModule.h */ = {isa = PBXFileReference; fileEncoding = 4; lastKnownFileType = sourcecode.c.h; path = NSPreferencesModule.h; sourceTree = "<group>"; };
		1E0443641A7B75EE00B644D8 /* GeneralPreferences.h */ = {isa = PBXFileReference; fileEncoding = 4; lastKnownFileType = sourcecode.c.h; path = GeneralPreferences.h; sourceTree = "<group>"; };
		1E0443651A7B75EE00B644D8 /* GeneralPreferences.m */ = {isa = PBXFileReference; fileEncoding = 4; lastKnownFileType = sourcecode.c.objc; path = GeneralPreferences.m; sourceTree = "<group>"; };
		1E0443691A7B787D00B644D8 /* GeneralPreferences.png */ = {isa = PBXFileReference; lastKnownFileType = image.png; path = GeneralPreferences.png; sourceTree = "<group>"; };
		1E0B2BED1A77536800B4FE14 /* PlayerDocument.h */ = {isa = PBXFileReference; fileEncoding = 4; lastKnownFileType = sourcecode.c.h; path = PlayerDocument.h; sourceTree = "<group>"; };
		1E0B2BEE1A77536800B4FE14 /* PlayerDocument.mm */ = {isa = PBXFileReference; fileEncoding = 4; lastKnownFileType = sourcecode.cpp.objcpp; path = PlayerDocument.mm; sourceTree = "<group>"; };
		1E0B2BEF1A77536800B4FE14 /* PlayerLayout.h */ = {isa = PBXFileReference; fileEncoding = 4; lastKnownFileType = sourcecode.c.h; path = PlayerLayout.h; sourceTree = "<group>"; };
		1E0B2BF01A77536800B4FE14 /* PlayerLayout.mm */ = {isa = PBXFileReference; fileEncoding = 4; lastKnownFileType = sourcecode.cpp.objcpp; path = PlayerLayout.mm; sourceTree = "<group>"; };
		1E0B2BF11A77536800B4FE14 /* UPlayer.h */ = {isa = PBXFileReference; fileEncoding = 4; lastKnownFileType = sourcecode.c.h; path = UPlayer.h; sourceTree = "<group>"; };
		1E0B2BF21A77536800B4FE14 /* UPlayer.mm */ = {isa = PBXFileReference; fileEncoding = 4; lastKnownFileType = sourcecode.cpp.objcpp; path = UPlayer.mm; sourceTree = "<group>"; };
		1E0B2BF91A7754D000B4FE14 /* PlayerTrack.h */ = {isa = PBXFileReference; fileEncoding = 4; lastKnownFileType = sourcecode.c.h; path = PlayerTrack.h; sourceTree = "<group>"; };
		1E0B2BFA1A7754D000B4FE14 /* PlayerTrack.m */ = {isa = PBXFileReference; fileEncoding = 4; lastKnownFileType = sourcecode.c.objc; path = PlayerTrack.m; sourceTree = "<group>"; };
		1E0B2BFC1A7755C400B4FE14 /* PlayerImpl.mm */ = {isa = PBXFileReference; fileEncoding = 4; lastKnownFileType = sourcecode.cpp.objcpp; path = PlayerImpl.mm; sourceTree = "<group>"; };
		1E0B2BFE1A77575400B4FE14 /* PlayerTypeDefines.h */ = {isa = PBXFileReference; fileEncoding = 4; lastKnownFileType = sourcecode.c.h; path = PlayerTypeDefines.h; sourceTree = "<group>"; };
		1E154DF51AAEFA8A0000A3B1 /* keycode.mm */ = {isa = PBXFileReference; fileEncoding = 4; lastKnownFileType = sourcecode.cpp.objcpp; path = keycode.mm; sourceTree = "<group>"; };
		1E154DF81AAEFA9E0000A3B1 /* keycode.h */ = {isa = PBXFileReference; lastKnownFileType = sourcecode.c.h; path = keycode.h; sourceTree = "<group>"; };
		1E169A881A78E701003D3D01 /* windowController.mm */ = {isa = PBXFileReference; fileEncoding = 4; lastKnownFileType = sourcecode.cpp.objcpp; path = windowController.mm; sourceTree = "<group>"; };
		1E169A8A1A78E715003D3D01 /* windowController.h */ = {isa = PBXFileReference; lastKnownFileType = sourcecode.c.h; path = windowController.h; sourceTree = "<group>"; };
		1E169A8B1A78FF88003D3D01 /* PlayerMessage.h */ = {isa = PBXFileReference; fileEncoding = 4; lastKnownFileType = sourcecode.c.h; path = PlayerMessage.h; sourceTree = "<group>"; };
		1E169A8C1A78FF88003D3D01 /* PlayerMessage.mm */ = {isa = PBXFileReference; fileEncoding = 4; lastKnownFileType = sourcecode.cpp.objcpp; path = PlayerMessage.mm; sourceTree = "<group>"; };
		1E16D53B1A8B0F8A00C844ED /* zh-Hans */ = {isa = PBXFileReference; lastKnownFileType = text.plist.strings; name = "zh-Hans"; path = "zh-Hans.lproj/Main.strings"; sourceTree = "<group>"; };
		1E211DC41ACA47BE005F994C /* libtag.1.dylib */ = {isa = PBXFileReference; lastKnownFileType = "compiled.mach-o.dylib"; name = libtag.1.dylib; path = /usr/local/lib/libtag.1.dylib; sourceTree = "<absolute>"; };
		1E211DC81ACA5490005F994C /* libpthread.dylib */ = {isa = PBXFileReference; lastKnownFileType = "compiled.mach-o.dylib"; name = libpthread.dylib; path = usr/lib/libpthread.dylib; sourceTree = SDKROOT; };
		1E211DCA1ACA5A1E005F994C /* zh-Hans */ = {isa = PBXFileReference; lastKnownFileType = text.plist.strings; name = "zh-Hans"; path = "zh-Hans.lproj/HotKeyPreferences.strings"; sourceTree = "<group>"; };
		1E3187841AF8D683003657BD /* stringConv.cpp */ = {isa = PBXFileReference; fileEncoding = 4; lastKnownFileType = sourcecode.cpp.cpp; name = stringConv.cpp; path = lyricsFetcher/src/stringConv.cpp; sourceTree = "<group>"; };
		1E3187851AF8D683003657BD /* stringConv.h */ = {isa = PBXFileReference; fileEncoding = 4; lastKnownFileType = sourcecode.c.h; name = stringConv.h; path = lyricsFetcher/src/stringConv.h; sourceTree = "<group>"; };
		1E3AF1C91ADF6A64004AA408 /* uPlayer.icns */ = {isa = PBXFileReference; lastKnownFileType = image.icns; path = uPlayer.icns; sourceTree = "<group>"; };
		1E3AF1DF1ADF756B004AA408 /* uPlayerStatus.png */ = {isa = PBXFileReference; lastKnownFileType = image.png; path = uPlayerStatus.png; sourceTree = "<group>"; };
		1E3AF1E01ADF756B004AA408 /* uPlayerStatus@2x.png */ = {isa = PBXFileReference; lastKnownFileType = image.png; path = "uPlayerStatus@2x.png"; sourceTree = "<group>"; };
		1E3AF1E31ADF76C6004AA408 /* uPlayer-mp3.icns */ = {isa = PBXFileReference; lastKnownFileType = image.icns; path = "uPlayer-mp3.icns"; sourceTree = "<group>"; };
		1E4900121B047CD600A9481A /* Smine.icns */ = {isa = PBXFileReference; lastKnownFileType = image.icns; path = Smine.icns; sourceTree = "<group>"; };
		1E4900131B047CD600A9481A /* Smine.png */ = {isa = PBXFileReference; lastKnownFileType = image.png; path = Smine.png; sourceTree = "<group>"; };
		1E5F426B1A887BE800911BE8 /* PlaylistViewController.h */ = {isa = PBXFileReference; fileEncoding = 4; lastKnownFileType = sourcecode.c.h; path = PlaylistViewController.h; sourceTree = "<group>"; };
		1E5F426C1A887BE800911BE8 /* PlaylistViewController.mm */ = {isa = PBXFileReference; fileEncoding = 4; lastKnownFileType = sourcecode.cpp.objcpp; path = PlaylistViewController.mm; sourceTree = "<group>"; };
		1E5F6D8B1ABC35FF00430128 /* Pause_Button.png */ = {isa = PBXFileReference; lastKnownFileType = image.png; path = Pause_Button.png; sourceTree = "<group>"; };
		1E5F6D8C1ABC35FF00430128 /* Pause_Button@2x.png */ = {isa = PBXFileReference; lastKnownFileType = image.png; path = "Pause_Button@2x.png"; sourceTree = "<group>"; };
		1E5F6D8F1ABC35FF00430128 /* Play_Button.png */ = {isa = PBXFileReference; lastKnownFileType = image.png; path = Play_Button.png; sourceTree = "<group>"; };
		1E5F6D901ABC35FF00430128 /* Play_Button@2x.png */ = {isa = PBXFileReference; lastKnownFileType = image.png; path = "Play_Button@2x.png"; sourceTree = "<group>"; };
		1E5F9EC31A7A1979000360D7 /* PlayerEngine.h */ = {isa = PBXFileReference; fileEncoding = 4; lastKnownFileType = sourcecode.c.h; path = PlayerEngine.h; sourceTree = "<group>"; };
		1E5F9EC41A7A1979000360D7 /* PlayerEngine.mm */ = {isa = PBXFileReference; fileEncoding = 4; lastKnownFileType = sourcecode.cpp.objcpp; path = PlayerEngine.mm; sourceTree = "<group>"; };
		1E5F9EC81A7A2DB2000360D7 /* PlayerSerialize.mm */ = {isa = PBXFileReference; fileEncoding = 4; lastKnownFileType = sourcecode.cpp.objcpp; path = PlayerSerialize.mm; sourceTree = "<group>"; };
		1E5F9EC91A7A2DB2000360D7 /* PlayerSerialize.h */ = {isa = PBXFileReference; fileEncoding = 4; lastKnownFileType = sourcecode.c.h; path = PlayerSerialize.h; sourceTree = "<group>"; };
		1E65A6291AC4235C00D21C58 /* PlayerLastFm.h */ = {isa = PBXFileReference; fileEncoding = 4; lastKnownFileType = sourcecode.c.h; path = PlayerLastFm.h; sourceTree = "<group>"; };
		1E65A62A1AC4235C00D21C58 /* PlayerLastFm.mm */ = {isa = PBXFileReference; fileEncoding = 4; lastKnownFileType = sourcecode.cpp.objcpp; path = PlayerLastFm.mm; sourceTree = "<group>"; };
		1E7A78371AA974D9004E9DDC /* keymaps.json */ = {isa = PBXFileReference; fileEncoding = 4; lastKnownFileType = text.json; name = keymaps.json; path = res/keymaps.json; sourceTree = SOURCE_ROOT; };
		1E8F702F1AA4707F0012402E /* PlayerQueue.h */ = {isa = PBXFileReference; lastKnownFileType = sourcecode.c.h; path = PlayerQueue.h; sourceTree = "<group>"; };
		1E8F70311AA470950012402E /* PlayerQueue.m */ = {isa = PBXFileReference; fileEncoding = 4; lastKnownFileType = sourcecode.c.objc; path = PlayerQueue.m; sourceTree = "<group>"; };
		1E8FF13A1AA084A900EA0A89 /* Carbon.framework */ = {isa = PBXFileReference; lastKnownFileType = wrapper.framework; name = Carbon.framework; path = System/Library/Frameworks/Carbon.framework; sourceTree = SDKROOT; };
		1E9047F71AB2CA190000ED86 /* MAAssert.h */ = {isa = PBXFileReference; fileEncoding = 4; lastKnownFileType = sourcecode.c.h; path = MAAssert.h; sourceTree = "<group>"; };
		1E9047F81AB2CA190000ED86 /* MAAssert.m */ = {isa = PBXFileReference; fileEncoding = 4; lastKnownFileType = sourcecode.c.objc; path = MAAssert.m; sourceTree = "<group>"; };
		1E9047FB1AB2CB110000ED86 /* PlayerError.m */ = {isa = PBXFileReference; fileEncoding = 4; lastKnownFileType = sourcecode.c.objc; path = PlayerError.m; sourceTree = "<group>"; };
		1E9047FD1AB2CB240000ED86 /* PlayerError.h */ = {isa = PBXFileReference; lastKnownFileType = sourcecode.c.h; path = PlayerError.h; sourceTree = "<group>"; };
		1E9C94FC1AF9C603009037E0 /* audioTag2.mm */ = {isa = PBXFileReference; fileEncoding = 4; lastKnownFileType = sourcecode.cpp.objcpp; name = audioTag2.mm; path = lyricsFetcher/src/audioTag2.mm; sourceTree = "<group>"; };
		1E9C94FF1AF9C67B009037E0 /* audioTag2.h */ = {isa = PBXFileReference; lastKnownFileType = sourcecode.c.h; name = audioTag2.h; path = lyricsFetcher/src/audioTag2.h; sourceTree = "<group>"; };
		1EA38A4D1AE1003300016273 /* uPlayer.png */ = {isa = PBXFileReference; lastKnownFileType = image.png; path = uPlayer.png; sourceTree = "<group>"; };
		1EA38A4E1AE1003300016273 /* uPlayer@2x.png */ = {isa = PBXFileReference; lastKnownFileType = image.png; path = "uPlayer@2x.png"; sourceTree = "<group>"; };
		1EAA25BF1AD67405008F44EC /* MemoryFileBuffer.cpp */ = {isa = PBXFileReference; fileEncoding = 4; lastKnownFileType = sourcecode.cpp.cpp; path = MemoryFileBuffer.cpp; sourceTree = "<group>"; };
		1EAA25C01AD67405008F44EC /* MemoryFileBuffer.h */ = {isa = PBXFileReference; fileEncoding = 4; lastKnownFileType = sourcecode.c.h; path = MemoryFileBuffer.h; sourceTree = "<group>"; };
		1EAA25C21AD688ED008F44EC /* PlayerLayout+MemoryFileBuffer.mm */ = {isa = PBXFileReference; fileEncoding = 4; lastKnownFileType = sourcecode.cpp.objcpp; path = "PlayerLayout+MemoryFileBuffer.mm"; sourceTree = "<group>"; };
		1EAA25C31AD688ED008F44EC /* PlayerLayout+MemoryFileBuffer.h */ = {isa = PBXFileReference; fileEncoding = 4; lastKnownFileType = sourcecode.c.h; path = "PlayerLayout+MemoryFileBuffer.h"; sourceTree = "<group>"; };
		1EC8B91A1B141665001E3F78 /* Timer.png */ = {isa = PBXFileReference; lastKnownFileType = image.png; path = Timer.png; sourceTree = "<group>"; };
		1EC8B91C1B141683001E3F78 /* TimerPreferences.h */ = {isa = PBXFileReference; fileEncoding = 4; lastKnownFileType = sourcecode.c.h; path = TimerPreferences.h; sourceTree = "<group>"; };
		1EC8B91D1B141683001E3F78 /* TimerPreferences.m */ = {isa = PBXFileReference; fileEncoding = 4; lastKnownFileType = sourcecode.c.objc; path = TimerPreferences.m; sourceTree = "<group>"; };
		1EC8B91F1B1416D5001E3F78 /* TimerPreferences.xib */ = {isa = PBXFileReference; fileEncoding = 4; lastKnownFileType = file.xib; name = TimerPreferences.xib; path = uPlayer/TimerPreferences.xib; sourceTree = SOURCE_ROOT; };
		1ECEB7561A9052AD006E8C23 /* AccountPreferences.h */ = {isa = PBXFileReference; fileEncoding = 4; lastKnownFileType = sourcecode.c.h; path = AccountPreferences.h; sourceTree = "<group>"; };
		1ECEB7571A9052AD006E8C23 /* AccountPreferences.mm */ = {isa = PBXFileReference; fileEncoding = 4; lastKnownFileType = sourcecode.cpp.objcpp; path = AccountPreferences.mm; sourceTree = "<group>"; };
		1ECEB7591A9052AD006E8C23 /* AccountPreferences.png */ = {isa = PBXFileReference; lastKnownFileType = image.png; path = AccountPreferences.png; sourceTree = "<group>"; };
		1ECEB75A1A9052AD006E8C23 /* AccountPreferences@2x.png */ = {isa = PBXFileReference; lastKnownFileType = image.png; path = "AccountPreferences@2x.png"; sourceTree = "<group>"; };
		1ECEB75F1A9053A2006E8C23 /* LastFMLogo.png */ = {isa = PBXFileReference; lastKnownFileType = image.png; path = LastFMLogo.png; sourceTree = "<group>"; };
		1ECEB7601A9053A2006E8C23 /* LastFMLogo@2x.png */ = {isa = PBXFileReference; lastKnownFileType = image.png; path = "LastFMLogo@2x.png"; sourceTree = "<group>"; };
		1ECEB7661A90582B006E8C23 /* Last_fm_api.cpp */ = {isa = PBXFileReference; fileEncoding = 4; lastKnownFileType = sourcecode.cpp.cpp; name = Last_fm_api.cpp; path = Last.fm/Last.fm/Last_fm_api.cpp; sourceTree = "<group>"; };
		1ECEB7671A90582B006E8C23 /* Last_fm_api.h */ = {isa = PBXFileReference; fileEncoding = 4; lastKnownFileType = sourcecode.c.h; name = Last_fm_api.h; path = Last.fm/Last.fm/Last_fm_api.h; sourceTree = "<group>"; };
		1ECEB7681A90582B006E8C23 /* Last_fm_local_record.cpp */ = {isa = PBXFileReference; fileEncoding = 4; lastKnownFileType = sourcecode.cpp.cpp; name = Last_fm_local_record.cpp; path = Last.fm/Last.fm/Last_fm_local_record.cpp; sourceTree = "<group>"; };
		1ECEB7691A90582B006E8C23 /* Last_fm_local_record.h */ = {isa = PBXFileReference; fileEncoding = 4; lastKnownFileType = sourcecode.c.h; name = Last_fm_local_record.h; path = Last.fm/Last.fm/Last_fm_local_record.h; sourceTree = "<group>"; };
		1ECEB76A1A90582B006E8C23 /* Last_fm_user.cpp */ = {isa = PBXFileReference; fileEncoding = 4; lastKnownFileType = sourcecode.cpp.cpp; name = Last_fm_user.cpp; path = Last.fm/Last.fm/Last_fm_user.cpp; sourceTree = "<group>"; };
		1ECEB76B1A90582B006E8C23 /* Last_fm_user.h */ = {isa = PBXFileReference; fileEncoding = 4; lastKnownFileType = sourcecode.c.h; name = Last_fm_user.h; path = Last.fm/Last.fm/Last_fm_user.h; sourceTree = "<group>"; };
		1ECEB76C1A90582B006E8C23 /* md5.cpp */ = {isa = PBXFileReference; fileEncoding = 4; lastKnownFileType = sourcecode.cpp.cpp; name = md5.cpp; path = Last.fm/Last.fm/md5.cpp; sourceTree = "<group>"; };
		1ECEB76D1A90582B006E8C23 /* md5.h */ = {isa = PBXFileReference; fileEncoding = 4; lastKnownFileType = sourcecode.c.h; name = md5.h; path = Last.fm/Last.fm/md5.h; sourceTree = "<group>"; };
		1ECEB7731A905874006E8C23 /* socketTool.cpp */ = {isa = PBXFileReference; fileEncoding = 4; lastKnownFileType = sourcecode.cpp.cpp; path = socketTool.cpp; sourceTree = "<group>"; };
		1ECEB7741A905874006E8C23 /* socketTool.h */ = {isa = PBXFileReference; fileEncoding = 4; lastKnownFileType = sourcecode.c.h; path = socketTool.h; sourceTree = "<group>"; };
		1ECEB7761A9059A5006E8C23 /* Last_fm.cpp */ = {isa = PBXFileReference; fileEncoding = 4; lastKnownFileType = sourcecode.cpp.cpp; name = Last_fm.cpp; path = Last.fm/Last.fm/Last_fm.cpp; sourceTree = "<group>"; };
		1ECEB7771A9059A5006E8C23 /* Last_fm.h */ = {isa = PBXFileReference; fileEncoding = 4; lastKnownFileType = sourcecode.c.h; name = Last_fm.h; path = Last.fm/Last.fm/Last_fm.h; sourceTree = "<group>"; };
		1ECEB7831A90621D006E8C23 /* Last_fm_serialize.cpp */ = {isa = PBXFileReference; fileEncoding = 4; lastKnownFileType = sourcecode.cpp.cpp; name = Last_fm_serialize.cpp; path = Last.fm/Last.fm/Last_fm_serialize.cpp; sourceTree = "<group>"; };
		1ECEB7841A90621D006E8C23 /* Last_fm_serialize.h */ = {isa = PBXFileReference; fileEncoding = 4; lastKnownFileType = sourcecode.c.h; name = Last_fm_serialize.h; path = Last.fm/Last.fm/Last_fm_serialize.h; sourceTree = "<group>"; };
		1ECEB7871A906231006E8C23 /* serialize.cpp */ = {isa = PBXFileReference; fileEncoding = 4; lastKnownFileType = sourcecode.cpp.cpp; path = serialize.cpp; sourceTree = "<group>"; };
		1ECEB7881A906231006E8C23 /* serialize.h */ = {isa = PBXFileReference; fileEncoding = 4; lastKnownFileType = sourcecode.c.h; path = serialize.h; sourceTree = "<group>"; };
		1ED021A81A7B3383008526E8 /* PlayerList.h */ = {isa = PBXFileReference; fileEncoding = 4; lastKnownFileType = sourcecode.c.h; path = PlayerList.h; sourceTree = "<group>"; };
		1ED021A91A7B3383008526E8 /* PlayerList.m */ = {isa = PBXFileReference; fileEncoding = 4; lastKnownFileType = sourcecode.c.objc; path = PlayerList.m; sourceTree = "<group>"; };
		1ED021AB1A7B3C89008526E8 /* PlayerSerachMng.h */ = {isa = PBXFileReference; fileEncoding = 4; lastKnownFileType = sourcecode.c.h; path = PlayerSerachMng.h; sourceTree = "<group>"; };
		1ED021AC1A7B3C89008526E8 /* PlayerSerachMng.m */ = {isa = PBXFileReference; fileEncoding = 4; lastKnownFileType = sourcecode.c.objc; path = PlayerSerachMng.m; sourceTree = "<group>"; };
		1ED6B0A31AEA043F00DBEEE4 /* id3Info.h */ = {isa = PBXFileReference; fileEncoding = 4; lastKnownFileType = sourcecode.c.h; name = id3Info.h; path = ../src/id3Info.h; sourceTree = "<group>"; };
		1ED6B0A41AEA043F00DBEEE4 /* id3Info.mm */ = {isa = PBXFileReference; fileEncoding = 4; lastKnownFileType = sourcecode.cpp.objcpp; name = id3Info.mm; path = ../src/id3Info.mm; sourceTree = "<group>"; };
		1EDAAD461AB6F17E009DB36A /* Base */ = {isa = PBXFileReference; lastKnownFileType = text.plist.strings; name = Base; path = Base.lproj/Localizable.strings; sourceTree = "<group>"; };
		1EDAAD481AB6F180009DB36A /* zh-Hans */ = {isa = PBXFileReference; lastKnownFileType = text.plist.strings; name = "zh-Hans"; path = "zh-Hans.lproj/Localizable.strings"; sourceTree = "<group>"; };
		1EDE8FA21A773D810086677B /* Smine.app */ = {isa = PBXFileReference; explicitFileType = wrapper.application; includeInIndex = 0; path = Smine.app; sourceTree = BUILT_PRODUCTS_DIR; };
		1EDE8FA61A773D810086677B /* Info.plist */ = {isa = PBXFileReference; lastKnownFileType = text.plist.xml; path = Info.plist; sourceTree = "<group>"; };
		1EDE8FA71A773D810086677B /* AppDelegate.h */ = {isa = PBXFileReference; lastKnownFileType = sourcecode.c.h; path = AppDelegate.h; sourceTree = "<group>"; };
		1EDE8FA81A773D810086677B /* AppDelegate.mm */ = {isa = PBXFileReference; lastKnownFileType = sourcecode.cpp.objcpp; path = AppDelegate.mm; sourceTree = "<group>"; };
		1EDE8FAA1A773D810086677B /* main.m */ = {isa = PBXFileReference; lastKnownFileType = sourcecode.c.objc; path = main.m; sourceTree = "<group>"; };
		1EDE8FAC1A773D810086677B /* TracklistViewController.h */ = {isa = PBXFileReference; lastKnownFileType = sourcecode.c.h; path = TracklistViewController.h; sourceTree = "<group>"; };
		1EDE8FAD1A773D810086677B /* TracklistViewController.mm */ = {isa = PBXFileReference; lastKnownFileType = sourcecode.cpp.objcpp; path = TracklistViewController.mm; sourceTree = "<group>"; };
		1EDE8FAF1A773D810086677B /* Images.xcassets */ = {isa = PBXFileReference; lastKnownFileType = folder.assetcatalog; path = Images.xcassets; sourceTree = "<group>"; };
		1EDE8FB21A773D810086677B /* Base */ = {isa = PBXFileReference; lastKnownFileType = file.storyboard; name = Base; path = Base.lproj/Main.storyboard; sourceTree = "<group>"; };
		1EDE8FCD1A7740DC0086677B /* fileCtrl.cpp */ = {isa = PBXFileReference; fileEncoding = 4; lastKnownFileType = sourcecode.cpp.cpp; name = fileCtrl.cpp; path = lyricsFetcher/src/fileCtrl.cpp; sourceTree = "<group>"; };
		1EDE8FCE1A7740DC0086677B /* fileCtrl.h */ = {isa = PBXFileReference; fileEncoding = 4; lastKnownFileType = sourcecode.c.h; name = fileCtrl.h; path = lyricsFetcher/src/fileCtrl.h; sourceTree = "<group>"; };
		1EDE8FCF1A7740DC0086677B /* threadpool.cpp */ = {isa = PBXFileReference; fileEncoding = 4; lastKnownFileType = sourcecode.cpp.cpp; name = threadpool.cpp; path = lyricsFetcher/src/threadpool.cpp; sourceTree = "<group>"; };
		1EDE8FD01A7740DC0086677B /* threadpool.h */ = {isa = PBXFileReference; fileEncoding = 4; lastKnownFileType = sourcecode.c.h; name = threadpool.h; path = lyricsFetcher/src/threadpool.h; sourceTree = "<group>"; };
		1EE5DDAA1A8337DC0074D282 /* AVFoundation.framework */ = {isa = PBXFileReference; lastKnownFileType = wrapper.framework; name = AVFoundation.framework; path = System/Library/Frameworks/AVFoundation.framework; sourceTree = SDKROOT; };
		1EE5DDAC1A83380F0074D282 /* CoreMedia.framework */ = {isa = PBXFileReference; lastKnownFileType = wrapper.framework; name = CoreMedia.framework; path = System/Library/Frameworks/CoreMedia.framework; sourceTree = SDKROOT; };
		1EFAA2981AC001D10010A965 /* NextTrack_Button.png */ = {isa = PBXFileReference; lastKnownFileType = image.png; path = NextTrack_Button.png; sourceTree = "<group>"; };
		1EFAA2991AC001D10010A965 /* NextTrack_Button@2x.png */ = {isa = PBXFileReference; lastKnownFileType = image.png; path = "NextTrack_Button@2x.png"; sourceTree = "<group>"; };
		1EFAA29C1AC001D10010A965 /* Play_Random.png */ = {isa = PBXFileReference; lastKnownFileType = image.png; path = Play_Random.png; sourceTree = "<group>"; };
		1EFAA29D1AC001D10010A965 /* Play_Random@2x.png */ = {isa = PBXFileReference; lastKnownFileType = image.png; path = "Play_Random@2x.png"; sourceTree = "<group>"; };
		1EFBB8AA1ABADDB4008F8B7B /* Base */ = {isa = PBXFileReference; lastKnownFileType = file.xib; name = Base; path = Base.lproj/StatusMenu.xib; sourceTree = "<group>"; };
		1EFBB8AE1ABADDB6008F8B7B /* zh-Hans */ = {isa = PBXFileReference; lastKnownFileType = text.plist.strings; name = "zh-Hans"; path = "zh-Hans.lproj/StatusMenu.strings"; sourceTree = "<group>"; };
		1EFBB8BE1ABAE045008F8B7B /* Base */ = {isa = PBXFileReference; lastKnownFileType = file.xib; name = Base; path = Base.lproj/AccountPreferences.xib; sourceTree = "<group>"; };
		1EFBB8E21ABAEBAC008F8B7B /* Base */ = {isa = PBXFileReference; lastKnownFileType = file.xib; name = Base; path = Base.lproj/GeneralPreferences.xib; sourceTree = "<group>"; };
		1EFBB8E71ABAEBB1008F8B7B /* Base */ = {isa = PBXFileReference; lastKnownFileType = file.xib; name = Base; path = Base.lproj/HotKeyPreferences.xib; sourceTree = "<group>"; };
		1EFBB8EC1ABAEBF9008F8B7B /* zh-Hans */ = {isa = PBXFileReference; lastKnownFileType = text.plist.strings; name = "zh-Hans"; path = "zh-Hans.lproj/GeneralPreferences.strings"; sourceTree = "<group>"; };
		1EFBB8F01ABAEE00008F8B7B /* zh-Hans */ = {isa = PBXFileReference; lastKnownFileType = text.plist.strings; name = "zh-Hans"; path = "zh-Hans.lproj/AccountPreferences.strings"; sourceTree = "<group>"; };
		1EFD42AE1A91A985009D65B5 /* LLHotKeyRecorder.xcodeproj */ = {isa = PBXFileReference; lastKnownFileType = "wrapper.pb-project"; name = LLHotKeyRecorder.xcodeproj; path = LLHotKeyRecorder/LLHotKeyRecorder.xcodeproj; sourceTree = "<group>"; };
		1EFD42BB1A91ABFF009D65B5 /* HotKeyPreferences.h */ = {isa = PBXFileReference; fileEncoding = 4; lastKnownFileType = sourcecode.c.h; path = HotKeyPreferences.h; sourceTree = "<group>"; };
		1EFD42BC1A91ABFF009D65B5 /* HotKeyPreferences.m */ = {isa = PBXFileReference; fileEncoding = 4; lastKnownFileType = sourcecode.c.objc; path = HotKeyPreferences.m; sourceTree = "<group>"; };
		1EFD42BE1A91ABFF009D65B5 /* HotKeyPreferences.png */ = {isa = PBXFileReference; lastKnownFileType = image.png; path = HotKeyPreferences.png; sourceTree = "<group>"; };
		1EFD42CC1A91E826009D65B5 /* ThreadJob.mm */ = {isa = PBXFileReference; fileEncoding = 4; lastKnownFileType = sourcecode.cpp.objcpp; path = ThreadJob.mm; sourceTree = "<group>"; };
		1EFD42CE1A91E847009D65B5 /* ThreadJob.h */ = {isa = PBXFileReference; lastKnownFileType = sourcecode.c.h; path = ThreadJob.h; sourceTree = "<group>"; };
		1EFD42DB1A91EE85009D65B5 /* shortcutKey.mm */ = {isa = PBXFileReference; fileEncoding = 4; lastKnownFileType = sourcecode.cpp.objcpp; path = shortcutKey.mm; sourceTree = "<group>"; };
		1EFD42DC1A91EE85009D65B5 /* shortcutKey.h */ = {isa = PBXFileReference; fileEncoding = 4; lastKnownFileType = sourcecode.c.h; path = shortcutKey.h; sourceTree = "<group>"; };
		313FA56A96AF81C657FC2AC0 /* libPods-uPlayer.a */ = {isa = PBXFileReference; explicitFileType = archive.ar; includeInIndex = 0; path = "libPods-uPlayer.a"; sourceTree = BUILT_PRODUCTS_DIR; };
		317B1433D115C61D7CAC8F8E /* Pods-uPlayer.release.xcconfig */ = {isa = PBXFileReference; includeInIndex = 1; lastKnownFileType = text.xcconfig; name = "Pods-uPlayer.release.xcconfig"; path = "Pods/Target Support Files/Pods-uPlayer/Pods-uPlayer.release.xcconfig"; sourceTree = "<group>"; };
		A8F7659B8BBB38202F51A341 /* Pods-uPlayer.debug.xcconfig */ = {isa = PBXFileReference; includeInIndex = 1; lastKnownFileType = text.xcconfig; name = "Pods-uPlayer.debug.xcconfig"; path = "Pods/Target Support Files/Pods-uPlayer/Pods-uPlayer.debug.xcconfig"; sourceTree = "<group>"; };
/* End PBXFileReference section */

/* Begin PBXFrameworksBuildPhase section */
		1EDE8F9F1A773D810086677B /* Frameworks */ = {
			isa = PBXFrameworksBuildPhase;
			buildActionMask = 2147483647;
			files = (
				1E211DC91ACA5490005F994C /* libpthread.dylib in Frameworks */,
				1E8FF13B1AA084A900EA0A89 /* Carbon.framework in Frameworks */,
				1EFD42B91A91A9EF009D65B5 /* LLHotKeyRecorder.framework in Frameworks */,
				1EE5DDAD1A83380F0074D282 /* CoreMedia.framework in Frameworks */,
				1EE5DDAB1A8337DC0074D282 /* AVFoundation.framework in Frameworks */,
				3A4ED56EE8C89A4225510F30 /* libPods-uPlayer.a in Frameworks */,
			);
			runOnlyForDeploymentPostprocessing = 0;
		};
/* End PBXFrameworksBuildPhase section */

/* Begin PBXGroup section */
		1E04435C1A7B747A00B644D8 /* Preferences */ = {
			isa = PBXGroup;
			children = (
				1ECEB7631A9053AB006E8C23 /* General */,
				1ECEB7641A9053BB006E8C23 /* Account */,
				1EFD42BA1A91ABBD009D65B5 /* HotKey */,
				1EC8B9181B1415B2001E3F78 /* Timer */,
				1E04435D1A7B747A00B644D8 /* AppPreferences.h */,
				1E04435E1A7B747A00B644D8 /* AppPreferences.m */,
				1E04435F1A7B747A00B644D8 /* NSPreferences.h */,
				1E0443601A7B747A00B644D8 /* NSPreferencesModule.h */,
			);
			path = Preferences;
			sourceTree = "<group>";
		};
		1E0B2BEC1A77536800B4FE14 /* src */ = {
			isa = PBXGroup;
			children = (
				1E0B2BF11A77536800B4FE14 /* UPlayer.h */,
				1E0B2BF21A77536800B4FE14 /* UPlayer.mm */,
				1E5F9EC31A7A1979000360D7 /* PlayerEngine.h */,
				1E5F9EC41A7A1979000360D7 /* PlayerEngine.mm */,
				1E0B2BED1A77536800B4FE14 /* PlayerDocument.h */,
				1E0B2BEE1A77536800B4FE14 /* PlayerDocument.mm */,
				1E5F9EC91A7A2DB2000360D7 /* PlayerSerialize.h */,
				1E5F9EC81A7A2DB2000360D7 /* PlayerSerialize.mm */,
				1E0B2BFE1A77575400B4FE14 /* PlayerTypeDefines.h */,
				1E0B2BFC1A7755C400B4FE14 /* PlayerImpl.mm */,
				1E8F702F1AA4707F0012402E /* PlayerQueue.h */,
				1E8F70311AA470950012402E /* PlayerQueue.m */,
				1E9047FD1AB2CB240000ED86 /* PlayerError.h */,
				1E9047FB1AB2CB110000ED86 /* PlayerError.m */,
				1E169A8B1A78FF88003D3D01 /* PlayerMessage.h */,
				1E169A8C1A78FF88003D3D01 /* PlayerMessage.mm */,
				1E0B2BF91A7754D000B4FE14 /* PlayerTrack.h */,
				1E0B2BFA1A7754D000B4FE14 /* PlayerTrack.m */,
				1ED021A81A7B3383008526E8 /* PlayerList.h */,
				1ED021A91A7B3383008526E8 /* PlayerList.m */,
				1EAA25C01AD67405008F44EC /* MemoryFileBuffer.h */,
				1EAA25BF1AD67405008F44EC /* MemoryFileBuffer.cpp */,
				1E0B2BEF1A77536800B4FE14 /* PlayerLayout.h */,
				1E0B2BF01A77536800B4FE14 /* PlayerLayout.mm */,
				1ED021AB1A7B3C89008526E8 /* PlayerSerachMng.h */,
				1ED021AC1A7B3C89008526E8 /* PlayerSerachMng.m */,
				1E65A6291AC4235C00D21C58 /* PlayerLastFm.h */,
				1E65A62A1AC4235C00D21C58 /* PlayerLastFm.mm */,
				1EAA25C21AD688ED008F44EC /* PlayerLayout+MemoryFileBuffer.mm */,
				1EAA25C31AD688ED008F44EC /* PlayerLayout+MemoryFileBuffer.h */,
			);
			path = src;
			sourceTree = "<group>";
		};
		1E9047F61AB2CA190000ED86 /* MAAssert */ = {
			isa = PBXGroup;
			children = (
				1E9047F71AB2CA190000ED86 /* MAAssert.h */,
				1E9047F81AB2CA190000ED86 /* MAAssert.m */,
			);
			path = MAAssert;
			sourceTree = "<group>";
		};
		1EB207C11AA80995007968C8 /* res */ = {
			isa = PBXGroup;
			children = (
				1E4900121B047CD600A9481A /* Smine.icns */,
				1E4900131B047CD600A9481A /* Smine.png */,
				1E7A78371AA974D9004E9DDC /* keymaps.json */,
				1EA38A4D1AE1003300016273 /* uPlayer.png */,
				1EA38A4E1AE1003300016273 /* uPlayer@2x.png */,
				1E3AF1E31ADF76C6004AA408 /* uPlayer-mp3.icns */,
				1E3AF1DF1ADF756B004AA408 /* uPlayerStatus.png */,
				1E3AF1E01ADF756B004AA408 /* uPlayerStatus@2x.png */,
				1E3AF1C91ADF6A64004AA408 /* uPlayer.icns */,
				1E5F6D8B1ABC35FF00430128 /* Pause_Button.png */,
				1E5F6D8C1ABC35FF00430128 /* Pause_Button@2x.png */,
				1E5F6D8F1ABC35FF00430128 /* Play_Button.png */,
				1E5F6D901ABC35FF00430128 /* Play_Button@2x.png */,
				1EFAA2981AC001D10010A965 /* NextTrack_Button.png */,
				1EFAA2991AC001D10010A965 /* NextTrack_Button@2x.png */,
				1EFAA29C1AC001D10010A965 /* Play_Random.png */,
				1EFAA29D1AC001D10010A965 /* Play_Random@2x.png */,
			);
			path = res;
			sourceTree = "<group>";
		};
		1EC8B9181B1415B2001E3F78 /* Timer */ = {
			isa = PBXGroup;
			children = (
				1EC8B91C1B141683001E3F78 /* TimerPreferences.h */,
				1EC8B91D1B141683001E3F78 /* TimerPreferences.m */,
				1EC8B91F1B1416D5001E3F78 /* TimerPreferences.xib */,
				1EC8B91A1B141665001E3F78 /* Timer.png */,
			);
			name = Timer;
			sourceTree = "<group>";
		};
		1ECEB7631A9053AB006E8C23 /* General */ = {
			isa = PBXGroup;
			children = (
				1EFBB8E31ABAEBAC008F8B7B /* GeneralPreferences.xib */,
				1E0443641A7B75EE00B644D8 /* GeneralPreferences.h */,
				1E0443651A7B75EE00B644D8 /* GeneralPreferences.m */,
				1E0443691A7B787D00B644D8 /* GeneralPreferences.png */,
			);
			name = General;
			sourceTree = "<group>";
		};
		1ECEB7641A9053BB006E8C23 /* Account */ = {
			isa = PBXGroup;
			children = (
				1EFBB8BF1ABAE045008F8B7B /* AccountPreferences.xib */,
				1ECEB7561A9052AD006E8C23 /* AccountPreferences.h */,
				1ECEB7571A9052AD006E8C23 /* AccountPreferences.mm */,
				1ECEB7591A9052AD006E8C23 /* AccountPreferences.png */,
				1ECEB75A1A9052AD006E8C23 /* AccountPreferences@2x.png */,
				1ECEB75F1A9053A2006E8C23 /* LastFMLogo.png */,
				1ECEB7601A9053A2006E8C23 /* LastFMLogo@2x.png */,
			);
			name = Account;
			sourceTree = "<group>";
		};
		1ECEB7651A9057E1006E8C23 /* Last.fm */ = {
			isa = PBXGroup;
			children = (
				1ECEB7761A9059A5006E8C23 /* Last_fm.cpp */,
				1ECEB7771A9059A5006E8C23 /* Last_fm.h */,
				1ECEB7661A90582B006E8C23 /* Last_fm_api.cpp */,
				1ECEB7671A90582B006E8C23 /* Last_fm_api.h */,
				1ECEB7681A90582B006E8C23 /* Last_fm_local_record.cpp */,
				1ECEB7691A90582B006E8C23 /* Last_fm_local_record.h */,
				1ECEB76A1A90582B006E8C23 /* Last_fm_user.cpp */,
				1ECEB76B1A90582B006E8C23 /* Last_fm_user.h */,
				1ECEB7831A90621D006E8C23 /* Last_fm_serialize.cpp */,
				1ECEB7841A90621D006E8C23 /* Last_fm_serialize.h */,
				1ECEB76C1A90582B006E8C23 /* md5.cpp */,
				1ECEB76D1A90582B006E8C23 /* md5.h */,
			);
			name = Last.fm;
			sourceTree = "<group>";
		};
		1ECEB7721A905874006E8C23 /* socketTool */ = {
			isa = PBXGroup;
			children = (
				1ECEB7741A905874006E8C23 /* socketTool.h */,
				1ECEB7731A905874006E8C23 /* socketTool.cpp */,
			);
			name = socketTool;
			path = Last.fm/socketTool;
			sourceTree = "<group>";
		};
		1ECEB7861A906231006E8C23 /* serialize */ = {
			isa = PBXGroup;
			children = (
				1ECEB7881A906231006E8C23 /* serialize.h */,
				1ECEB7871A906231006E8C23 /* serialize.cpp */,
			);
			name = serialize;
			path = Last.fm/serialize;
			sourceTree = "<group>";
		};
		1EDE8F991A773D810086677B = {
			isa = PBXGroup;
			children = (
				1EDE8FA41A773D810086677B /* uPlayer */,
				1E0B2BEC1A77536800B4FE14 /* src */,
				1EDE8FD41A7740EC0086677B /* lyricsFetcher */,
				1ECEB7721A905874006E8C23 /* socketTool */,
				1ECEB7651A9057E1006E8C23 /* Last.fm */,
				1EFD42921A91A8B9009D65B5 /* HotKeyRecorder */,
				1E9047F61AB2CA190000ED86 /* MAAssert */,
				1E04435C1A7B747A00B644D8 /* Preferences */,
				1EB207C11AA80995007968C8 /* res */,
				1ECEB7861A906231006E8C23 /* serialize */,
				1EFD42D81A91EE85009D65B5 /* ShortCutcmd */,
				1EDE8FE21A7742000086677B /* Frameworks */,
				1EDE8FA31A773D810086677B /* Products */,
				B6BC25268A3B3D3A2AD70721 /* Pods */,
			);
			sourceTree = "<group>";
		};
		1EDE8FA31A773D810086677B /* Products */ = {
			isa = PBXGroup;
			children = (
				1EDE8FA21A773D810086677B /* Smine.app */,
			);
			name = Products;
			sourceTree = "<group>";
		};
		1EDE8FA41A773D810086677B /* uPlayer */ = {
			isa = PBXGroup;
			children = (
				1EDE8FA71A773D810086677B /* AppDelegate.h */,
				1EDE8FA81A773D810086677B /* AppDelegate.mm */,
				1E169A8A1A78E715003D3D01 /* windowController.h */,
				1E169A881A78E701003D3D01 /* windowController.mm */,
				1EDE8FAC1A773D810086677B /* TracklistViewController.h */,
				1EDE8FAD1A773D810086677B /* TracklistViewController.mm */,
				1E5F426B1A887BE800911BE8 /* PlaylistViewController.h */,
				1E5F426C1A887BE800911BE8 /* PlaylistViewController.mm */,
				1EFD42CE1A91E847009D65B5 /* ThreadJob.h */,
				1EFD42CC1A91E826009D65B5 /* ThreadJob.mm */,
				1ED6B0A31AEA043F00DBEEE4 /* id3Info.h */,
				1ED6B0A41AEA043F00DBEEE4 /* id3Info.mm */,
				1EDAAD471AB6F17E009DB36A /* Localizable.strings */,
				1EDE8FB11A773D810086677B /* Main.storyboard */,
				1EFBB8AB1ABADDB4008F8B7B /* StatusMenu.xib */,
				1EDE8FAF1A773D810086677B /* Images.xcassets */,
				1EDE8FA51A773D810086677B /* Supporting Files */,
			);
			path = uPlayer;
			sourceTree = "<group>";
		};
		1EDE8FA51A773D810086677B /* Supporting Files */ = {
			isa = PBXGroup;
			children = (
				1EDE8FA61A773D810086677B /* Info.plist */,
				1EDE8FAA1A773D810086677B /* main.m */,
			);
			name = "Supporting Files";
			sourceTree = "<group>";
		};
		1EDE8FD41A7740EC0086677B /* lyricsFetcher */ = {
			isa = PBXGroup;
			children = (
				1EDE8FCE1A7740DC0086677B /* fileCtrl.h */,
				1EDE8FCD1A7740DC0086677B /* fileCtrl.cpp */,
				1EDE8FD01A7740DC0086677B /* threadpool.h */,
				1EDE8FCF1A7740DC0086677B /* threadpool.cpp */,
				1E9C94FF1AF9C67B009037E0 /* audioTag2.h */,
				1E9C94FC1AF9C603009037E0 /* audioTag2.mm */,
				1E3187851AF8D683003657BD /* stringConv.h */,
				1E3187841AF8D683003657BD /* stringConv.cpp */,
			);
			name = lyricsFetcher;
			sourceTree = "<group>";
		};
		1EDE8FE21A7742000086677B /* Frameworks */ = {
			isa = PBXGroup;
			children = (
				1E211DC41ACA47BE005F994C /* libtag.1.dylib */,
				1E211DC81ACA5490005F994C /* libpthread.dylib */,
				1E8FF13A1AA084A900EA0A89 /* Carbon.framework */,
				1EE5DDAC1A83380F0074D282 /* CoreMedia.framework */,
				1EE5DDAA1A8337DC0074D282 /* AVFoundation.framework */,
				313FA56A96AF81C657FC2AC0 /* libPods-uPlayer.a */,
			);
			name = Frameworks;
			sourceTree = "<group>";
		};
		1EFD42921A91A8B9009D65B5 /* HotKeyRecorder */ = {
			isa = PBXGroup;
			children = (
				1EFD42AE1A91A985009D65B5 /* LLHotKeyRecorder.xcodeproj */,
			);
			name = HotKeyRecorder;
			sourceTree = "<group>";
		};
		1EFD42AF1A91A985009D65B5 /* Products */ = {
			isa = PBXGroup;
			children = (
				1EFD42B41A91A986009D65B5 /* LLHotKeyRecorder.framework */,
				1EFD42B61A91A986009D65B5 /* Tests.xctest */,
			);
			name = Products;
			sourceTree = "<group>";
		};
		1EFD42BA1A91ABBD009D65B5 /* HotKey */ = {
			isa = PBXGroup;
			children = (
				1EFBB8E81ABAEBB1008F8B7B /* HotKeyPreferences.xib */,
				1EFD42BB1A91ABFF009D65B5 /* HotKeyPreferences.h */,
				1EFD42BC1A91ABFF009D65B5 /* HotKeyPreferences.m */,
				1EFD42BE1A91ABFF009D65B5 /* HotKeyPreferences.png */,
			);
			name = HotKey;
			sourceTree = "<group>";
		};
		1EFD42D81A91EE85009D65B5 /* ShortCutcmd */ = {
			isa = PBXGroup;
			children = (
				1EFD42DC1A91EE85009D65B5 /* shortcutKey.h */,
				1EFD42DB1A91EE85009D65B5 /* shortcutKey.mm */,
				1E154DF81AAEFA9E0000A3B1 /* keycode.h */,
				1E154DF51AAEFA8A0000A3B1 /* keycode.mm */,
			);
			path = ShortCutcmd;
			sourceTree = "<group>";
		};
		B6BC25268A3B3D3A2AD70721 /* Pods */ = {
			isa = PBXGroup;
			children = (
				A8F7659B8BBB38202F51A341 /* Pods-uPlayer.debug.xcconfig */,
				317B1433D115C61D7CAC8F8E /* Pods-uPlayer.release.xcconfig */,
			);
			name = Pods;
			sourceTree = "<group>";
		};
/* End PBXGroup section */

/* Begin PBXNativeTarget section */
		1EDE8FA11A773D810086677B /* uPlayer */ = {
			isa = PBXNativeTarget;
			buildConfigurationList = 1EDE8FC21A773D810086677B /* Build configuration list for PBXNativeTarget "uPlayer" */;
			buildPhases = (
				0008378F2ED268B10DCCA31C /* Check Pods Manifest.lock */,
				1EDE8F9E1A773D810086677B /* Sources */,
				1EDE8F9F1A773D810086677B /* Frameworks */,
				1EDE8FA01A773D810086677B /* Resources */,
				1E89285B1AA1B05600CF0634 /* CopyFiles */,
				8A933A250DE2408F5C0B5F60 /* Embed Pods Frameworks */,
				0C0AFDA3DD1E8A022554F94C /* Copy Pods Resources */,
			);
			buildRules = (
			);
			dependencies = (
				1EFD42B81A91A9B2009D65B5 /* PBXTargetDependency */,
			);
			name = uPlayer;
			productName = uPlayer;
			productReference = 1EDE8FA21A773D810086677B /* Smine.app */;
			productType = "com.apple.product-type.application";
		};
/* End PBXNativeTarget section */

/* Begin PBXProject section */
		1EDE8F9A1A773D810086677B /* Project object */ = {
			isa = PBXProject;
			attributes = {
				LastUpgradeCheck = 0610;
				ORGANIZATIONNAME = liaogang;
				TargetAttributes = {
					1EDE8FA11A773D810086677B = {
						CreatedOnToolsVersion = 6.1.1;
					};
				};
			};
			buildConfigurationList = 1EDE8F9D1A773D810086677B /* Build configuration list for PBXProject "uPlayer" */;
			compatibilityVersion = "Xcode 3.2";
			developmentRegion = English;
			hasScannedForEncodings = 0;
			knownRegions = (
				Base,
				"zh-Hans",
				zh_CN,
			);
			mainGroup = 1EDE8F991A773D810086677B;
			productRefGroup = 1EDE8FA31A773D810086677B /* Products */;
			projectDirPath = "";
			projectReferences = (
				{
					ProductGroup = 1EFD42AF1A91A985009D65B5 /* Products */;
					ProjectRef = 1EFD42AE1A91A985009D65B5 /* LLHotKeyRecorder.xcodeproj */;
				},
			);
			projectRoot = "";
			targets = (
				1EDE8FA11A773D810086677B /* uPlayer */,
			);
		};
/* End PBXProject section */

/* Begin PBXReferenceProxy section */
		1EFD42B41A91A986009D65B5 /* LLHotKeyRecorder.framework */ = {
			isa = PBXReferenceProxy;
			fileType = wrapper.framework;
			path = LLHotKeyRecorder.framework;
			remoteRef = 1EFD42B31A91A986009D65B5 /* PBXContainerItemProxy */;
			sourceTree = BUILT_PRODUCTS_DIR;
		};
		1EFD42B61A91A986009D65B5 /* Tests.xctest */ = {
			isa = PBXReferenceProxy;
			fileType = wrapper.cfbundle;
			path = Tests.xctest;
			remoteRef = 1EFD42B51A91A986009D65B5 /* PBXContainerItemProxy */;
			sourceTree = BUILT_PRODUCTS_DIR;
		};
/* End PBXReferenceProxy section */

/* Begin PBXResourcesBuildPhase section */
		1EDE8FA01A773D810086677B /* Resources */ = {
			isa = PBXResourcesBuildPhase;
			buildActionMask = 2147483647;
			files = (
				1EFBB8E11ABAEBAC008F8B7B /* GeneralPreferences.xib in Resources */,
				1EFAA2A21AC001D10010A965 /* Play_Random.png in Resources */,
				1E3AF1E11ADF756B004AA408 /* uPlayerStatus.png in Resources */,
				1E5F6D931ABC35FF00430128 /* Pause_Button.png in Resources */,
				1E3AF1CA1ADF6A64004AA408 /* uPlayer.icns in Resources */,
				1EC8B91B1B141665001E3F78 /* Timer.png in Resources */,
				1E3AF1E21ADF756B004AA408 /* uPlayerStatus@2x.png in Resources */,
				1ECEB75E1A9052AD006E8C23 /* AccountPreferences@2x.png in Resources */,
				1E7A78381AA974D9004E9DDC /* keymaps.json in Resources */,
				1EFD42C11A91ABFF009D65B5 /* HotKeyPreferences.png in Resources */,
				1ECEB7621A9053A2006E8C23 /* LastFMLogo@2x.png in Resources */,
				1E5F6D971ABC35FF00430128 /* Play_Button.png in Resources */,
				1EC8B9201B1416D5001E3F78 /* TimerPreferences.xib in Resources */,
				1EDE8FB01A773D810086677B /* Images.xcassets in Resources */,
				1EFAA2A31AC001D10010A965 /* Play_Random@2x.png in Resources */,
				1EA38A501AE1003300016273 /* uPlayer@2x.png in Resources */,
				1E4900151B047CD600A9481A /* Smine.png in Resources */,
				1E5F6D941ABC35FF00430128 /* Pause_Button@2x.png in Resources */,
				1E04436A1A7B787D00B644D8 /* GeneralPreferences.png in Resources */,
				1EFAA29F1AC001D10010A965 /* NextTrack_Button@2x.png in Resources */,
				1ECEB75D1A9052AD006E8C23 /* AccountPreferences.png in Resources */,
				1E4900141B047CD600A9481A /* Smine.icns in Resources */,
				1EFAA29E1AC001D10010A965 /* NextTrack_Button.png in Resources */,
				1EFBB8BD1ABAE045008F8B7B /* AccountPreferences.xib in Resources */,
				1E5F6D981ABC35FF00430128 /* Play_Button@2x.png in Resources */,
				1EA38A4F1AE1003300016273 /* uPlayer.png in Resources */,
				1E3AF1E41ADF76C6004AA408 /* uPlayer-mp3.icns in Resources */,
				1EFBB8E61ABAEBB1008F8B7B /* HotKeyPreferences.xib in Resources */,
				1EDAAD451AB6F17E009DB36A /* Localizable.strings in Resources */,
				1EFBB8A91ABADDB4008F8B7B /* StatusMenu.xib in Resources */,
				1EDE8FB31A773D810086677B /* Main.storyboard in Resources */,
				1ECEB7611A9053A2006E8C23 /* LastFMLogo.png in Resources */,
			);
			runOnlyForDeploymentPostprocessing = 0;
		};
/* End PBXResourcesBuildPhase section */

/* Begin PBXShellScriptBuildPhase section */
		0008378F2ED268B10DCCA31C /* Check Pods Manifest.lock */ = {
			isa = PBXShellScriptBuildPhase;
			buildActionMask = 2147483647;
			files = (
			);
			inputPaths = (
			);
			name = "Check Pods Manifest.lock";
			outputPaths = (
			);
			runOnlyForDeploymentPostprocessing = 0;
			shellPath = /bin/sh;
			shellScript = "diff \"${PODS_ROOT}/../Podfile.lock\" \"${PODS_ROOT}/Manifest.lock\" > /dev/null\nif [[ $? != 0 ]] ; then\n    cat << EOM\nerror: The sandbox is not in sync with the Podfile.lock. Run 'pod install' or update your CocoaPods installation.\nEOM\n    exit 1\nfi\n";
			showEnvVarsInLog = 0;
		};
		0C0AFDA3DD1E8A022554F94C /* Copy Pods Resources */ = {
			isa = PBXShellScriptBuildPhase;
			buildActionMask = 2147483647;
			files = (
			);
			inputPaths = (
			);
			name = "Copy Pods Resources";
			outputPaths = (
			);
			runOnlyForDeploymentPostprocessing = 0;
			shellPath = /bin/sh;
			shellScript = "\"${SRCROOT}/Pods/Target Support Files/Pods-uPlayer/Pods-uPlayer-resources.sh\"\n";
			showEnvVarsInLog = 0;
		};
		8A933A250DE2408F5C0B5F60 /* Embed Pods Frameworks */ = {
			isa = PBXShellScriptBuildPhase;
			buildActionMask = 2147483647;
			files = (
			);
			inputPaths = (
			);
			name = "Embed Pods Frameworks";
			outputPaths = (
			);
			runOnlyForDeploymentPostprocessing = 0;
			shellPath = /bin/sh;
			shellScript = "\"${SRCROOT}/Pods/Target Support Files/Pods-uPlayer/Pods-uPlayer-frameworks.sh\"\n";
			showEnvVarsInLog = 0;
		};
/* End PBXShellScriptBuildPhase section */

/* Begin PBXSourcesBuildPhase section */
		1EDE8F9E1A773D810086677B /* Sources */ = {
			isa = PBXSourcesBuildPhase;
			buildActionMask = 2147483647;
			files = (
				1E154DF61AAEFA8A0000A3B1 /* keycode.mm in Sources */,
				1E9C94FD1AF9C603009037E0 /* audioTag2.mm in Sources */,
				1E9047F91AB2CA190000ED86 /* MAAssert.m in Sources */,
				1EDE8FD31A7740DC0086677B /* threadpool.cpp in Sources */,
				1ECEB76E1A90582B006E8C23 /* Last_fm_api.cpp in Sources */,
				1EDE8FD21A7740DC0086677B /* fileCtrl.cpp in Sources */,
				1EAA25C41AD688ED008F44EC /* PlayerLayout+MemoryFileBuffer.mm in Sources */,
				1ED6B0A51AEA043F00DBEEE4 /* id3Info.mm in Sources */,
				1E5F426D1A887BE800911BE8 /* PlaylistViewController.mm in Sources */,
				1E0B2BF51A77536800B4FE14 /* UPlayer.mm in Sources */,
				1ECEB7851A90621D006E8C23 /* Last_fm_serialize.cpp in Sources */,
				1EDE8FAE1A773D810086677B /* TracklistViewController.mm in Sources */,
				1ECEB7781A9059A5006E8C23 /* Last_fm.cpp in Sources */,
				1E0B2BFB1A7754D000B4FE14 /* PlayerTrack.m in Sources */,
				1E5F9ECA1A7A2DB2000360D7 /* PlayerSerialize.mm in Sources */,
				1E8F70321AA470950012402E /* PlayerQueue.m in Sources */,
				1EDE8FAB1A773D810086677B /* main.m in Sources */,
				1E0B2BFD1A7755C400B4FE14 /* PlayerImpl.mm in Sources */,
				1E5F9EC51A7A1979000360D7 /* PlayerEngine.mm in Sources */,
				1EAA25C11AD67405008F44EC /* MemoryFileBuffer.cpp in Sources */,
				1E169A891A78E701003D3D01 /* windowController.mm in Sources */,
				1E0B2BF41A77536800B4FE14 /* PlayerLayout.mm in Sources */,
				1EFD42CD1A91E826009D65B5 /* ThreadJob.mm in Sources */,
				1E0443611A7B747A00B644D8 /* AppPreferences.m in Sources */,
				1ECEB76F1A90582B006E8C23 /* Last_fm_local_record.cpp in Sources */,
				1E169A8D1A78FF88003D3D01 /* PlayerMessage.mm in Sources */,
				1E0443661A7B75EE00B644D8 /* GeneralPreferences.m in Sources */,
				1E65A62B1AC4235C00D21C58 /* PlayerLastFm.mm in Sources */,
				1ECEB7751A905874006E8C23 /* socketTool.cpp in Sources */,
				1EDE8FA91A773D810086677B /* AppDelegate.mm in Sources */,
				1ED021AA1A7B3383008526E8 /* PlayerList.m in Sources */,
				1E0B2BF31A77536800B4FE14 /* PlayerDocument.mm in Sources */,
				1ECEB7711A90582B006E8C23 /* md5.cpp in Sources */,
				1EFD42BF1A91ABFF009D65B5 /* HotKeyPreferences.m in Sources */,
				1EFD42DE1A91EE85009D65B5 /* shortcutKey.mm in Sources */,
				1E3187861AF8D683003657BD /* stringConv.cpp in Sources */,
				1ECEB7701A90582B006E8C23 /* Last_fm_user.cpp in Sources */,
				1E9047FC1AB2CB110000ED86 /* PlayerError.m in Sources */,
				1ED021AD1A7B3C89008526E8 /* PlayerSerachMng.m in Sources */,
				1EC8B91E1B141683001E3F78 /* TimerPreferences.m in Sources */,
				1ECEB75B1A9052AD006E8C23 /* AccountPreferences.mm in Sources */,
			);
			runOnlyForDeploymentPostprocessing = 0;
		};
/* End PBXSourcesBuildPhase section */

/* Begin PBXTargetDependency section */
		1EFD42B81A91A9B2009D65B5 /* PBXTargetDependency */ = {
			isa = PBXTargetDependency;
			name = LLHotKeyRecorder;
			targetProxy = 1EFD42B71A91A9B2009D65B5 /* PBXContainerItemProxy */;
		};
/* End PBXTargetDependency section */

/* Begin PBXVariantGroup section */
		1EDAAD471AB6F17E009DB36A /* Localizable.strings */ = {
			isa = PBXVariantGroup;
			children = (
				1EDAAD461AB6F17E009DB36A /* Base */,
				1EDAAD481AB6F180009DB36A /* zh-Hans */,
			);
			name = Localizable.strings;
			sourceTree = "<group>";
		};
		1EDE8FB11A773D810086677B /* Main.storyboard */ = {
			isa = PBXVariantGroup;
			children = (
				1EDE8FB21A773D810086677B /* Base */,
				1E16D53B1A8B0F8A00C844ED /* zh-Hans */,
			);
			name = Main.storyboard;
			sourceTree = "<group>";
		};
		1EFBB8AB1ABADDB4008F8B7B /* StatusMenu.xib */ = {
			isa = PBXVariantGroup;
			children = (
				1EFBB8AA1ABADDB4008F8B7B /* Base */,
				1EFBB8AE1ABADDB6008F8B7B /* zh-Hans */,
			);
			name = StatusMenu.xib;
			sourceTree = "<group>";
		};
		1EFBB8BF1ABAE045008F8B7B /* AccountPreferences.xib */ = {
			isa = PBXVariantGroup;
			children = (
				1EFBB8BE1ABAE045008F8B7B /* Base */,
				1EFBB8F01ABAEE00008F8B7B /* zh-Hans */,
			);
			name = AccountPreferences.xib;
			path = ../uPlayer;
			sourceTree = "<group>";
		};
		1EFBB8E31ABAEBAC008F8B7B /* GeneralPreferences.xib */ = {
			isa = PBXVariantGroup;
			children = (
				1EFBB8E21ABAEBAC008F8B7B /* Base */,
				1EFBB8EC1ABAEBF9008F8B7B /* zh-Hans */,
			);
			name = GeneralPreferences.xib;
			path = ../uPlayer;
			sourceTree = "<group>";
		};
		1EFBB8E81ABAEBB1008F8B7B /* HotKeyPreferences.xib */ = {
			isa = PBXVariantGroup;
			children = (
				1EFBB8E71ABAEBB1008F8B7B /* Base */,
				1E211DCA1ACA5A1E005F994C /* zh-Hans */,
			);
			name = HotKeyPreferences.xib;
			path = ../uPlayer;
			sourceTree = "<group>";
		};
/* End PBXVariantGroup section */

/* Begin XCBuildConfiguration section */
		1EDE8FC01A773D810086677B /* Debug */ = {
			isa = XCBuildConfiguration;
			buildSettings = {
				ALWAYS_SEARCH_USER_PATHS = NO;
				CLANG_CXX_LANGUAGE_STANDARD = "gnu++0x";
				CLANG_CXX_LIBRARY = "libc++";
				CLANG_ENABLE_MODULES = YES;
				CLANG_ENABLE_OBJC_ARC = YES;
				CLANG_WARN_BOOL_CONVERSION = YES;
				CLANG_WARN_CONSTANT_CONVERSION = YES;
				CLANG_WARN_DIRECT_OBJC_ISA_USAGE = YES_ERROR;
				CLANG_WARN_EMPTY_BODY = YES;
				CLANG_WARN_ENUM_CONVERSION = YES;
				CLANG_WARN_INT_CONVERSION = YES;
				CLANG_WARN_OBJC_ROOT_CLASS = YES_ERROR;
				CLANG_WARN_UNREACHABLE_CODE = YES;
				CLANG_WARN__DUPLICATE_METHOD_MATCH = YES;
				CODE_SIGN_IDENTITY = "-";
				COPY_PHASE_STRIP = NO;
				ENABLE_STRICT_OBJC_MSGSEND = YES;
				GCC_C_LANGUAGE_STANDARD = gnu99;
				GCC_DYNAMIC_NO_PIC = NO;
				GCC_OPTIMIZATION_LEVEL = 0;
				GCC_PREPROCESSOR_DEFINITIONS = (
					"DEBUG=1",
					"$(inherited)",
				);
				GCC_SYMBOLS_PRIVATE_EXTERN = NO;
				GCC_WARN_64_TO_32_BIT_CONVERSION = YES;
				GCC_WARN_ABOUT_RETURN_TYPE = YES_ERROR;
				GCC_WARN_UNDECLARED_SELECTOR = YES;
				GCC_WARN_UNINITIALIZED_AUTOS = YES_AGGRESSIVE;
				GCC_WARN_UNUSED_FUNCTION = YES;
				GCC_WARN_UNUSED_VARIABLE = YES;
				MACOSX_DEPLOYMENT_TARGET = 10.10;
				MTL_ENABLE_DEBUG_INFO = YES;
				ONLY_ACTIVE_ARCH = YES;
				SDKROOT = macosx;
			};
			name = Debug;
		};
		1EDE8FC11A773D810086677B /* Release */ = {
			isa = XCBuildConfiguration;
			buildSettings = {
				ALWAYS_SEARCH_USER_PATHS = NO;
				CLANG_CXX_LANGUAGE_STANDARD = "gnu++0x";
				CLANG_CXX_LIBRARY = "libc++";
				CLANG_ENABLE_MODULES = YES;
				CLANG_ENABLE_OBJC_ARC = YES;
				CLANG_WARN_BOOL_CONVERSION = YES;
				CLANG_WARN_CONSTANT_CONVERSION = YES;
				CLANG_WARN_DIRECT_OBJC_ISA_USAGE = YES_ERROR;
				CLANG_WARN_EMPTY_BODY = YES;
				CLANG_WARN_ENUM_CONVERSION = YES;
				CLANG_WARN_INT_CONVERSION = YES;
				CLANG_WARN_OBJC_ROOT_CLASS = YES_ERROR;
				CLANG_WARN_UNREACHABLE_CODE = YES;
				CLANG_WARN__DUPLICATE_METHOD_MATCH = YES;
				CODE_SIGN_IDENTITY = "-";
				COPY_PHASE_STRIP = YES;
				DEBUG_INFORMATION_FORMAT = "dwarf-with-dsym";
				ENABLE_NS_ASSERTIONS = NO;
				ENABLE_STRICT_OBJC_MSGSEND = YES;
				GCC_C_LANGUAGE_STANDARD = gnu99;
				GCC_WARN_64_TO_32_BIT_CONVERSION = YES;
				GCC_WARN_ABOUT_RETURN_TYPE = YES_ERROR;
				GCC_WARN_UNDECLARED_SELECTOR = YES;
				GCC_WARN_UNINITIALIZED_AUTOS = YES_AGGRESSIVE;
				GCC_WARN_UNUSED_FUNCTION = YES;
				GCC_WARN_UNUSED_VARIABLE = YES;
				MACOSX_DEPLOYMENT_TARGET = 10.10;
				MTL_ENABLE_DEBUG_INFO = NO;
				SDKROOT = macosx;
			};
			name = Release;
		};
		1EDE8FC31A773D810086677B /* Debug */ = {
			isa = XCBuildConfiguration;
			baseConfigurationReference = A8F7659B8BBB38202F51A341 /* Pods-uPlayer.debug.xcconfig */;
			buildSettings = {
				ASSETCATALOG_COMPILER_APPICON_NAME = AppIcon;
				CLANG_CXX_LANGUAGE_STANDARD = "gnu++0x";
				CLANG_CXX_LIBRARY = "libc++";
				COMBINE_HIDPI_IMAGES = YES;
				FRAMEWORK_SEARCH_PATHS = (
					"$(inherited)",
					"$(PROJECT_DIR)",
					"$(PROJECT_DIR)/Frameworks",
				);
				HEADER_SEARCH_PATHS = (
					"$(inherited)",
					/Applications/Xcode.app/Contents/Developer/Toolchains/XcodeDefault.xctoolchain/usr/include,
					/usr/local/include,
					"\"$(SRCROOT)/LLHotKeyRecorder/LLHotKeyRecorder\"",
				);
				INFOPLIST_FILE = uPlayer/Info.plist;
				LD_DYLIB_INSTALL_NAME = "@executable_path/../Frameworks/libtag.1.14.0.dylib";
				LD_RUNPATH_SEARCH_PATHS = "$(inherited) @executable_path/../Frameworks";
				LIBRARY_SEARCH_PATHS = /usr/local/lib;
				MACOSX_DEPLOYMENT_TARGET = 10.10;
				OTHER_LDFLAGS = (
					"-ljson",
					"-ltag",
					"-lpthread",
					"$(inherited)",
				);
				PRODUCT_NAME = Smine;
				VALID_ARCHS = x86_64;
			};
			name = Debug;
		};
		1EDE8FC41A773D810086677B /* Release */ = {
			isa = XCBuildConfiguration;
			baseConfigurationReference = 317B1433D115C61D7CAC8F8E /* Pods-uPlayer.release.xcconfig */;
			buildSettings = {
				ASSETCATALOG_COMPILER_APPICON_NAME = AppIcon;
				CLANG_CXX_LANGUAGE_STANDARD = "gnu++0x";
				CLANG_CXX_LIBRARY = "libc++";
				COMBINE_HIDPI_IMAGES = YES;
				FRAMEWORK_SEARCH_PATHS = (
					"$(inherited)",
					"$(PROJECT_DIR)",
					"$(PROJECT_DIR)/Frameworks",
				);
				HEADER_SEARCH_PATHS = (
					"$(inherited)",
					/Applications/Xcode.app/Contents/Developer/Toolchains/XcodeDefault.xctoolchain/usr/include,
					/usr/local/include,
					"\"$(SRCROOT)/LLHotKeyRecorder/LLHotKeyRecorder\"",
				);
				INFOPLIST_FILE = uPlayer/Info.plist;
				LD_DYLIB_INSTALL_NAME = "@executable_path/../Frameworks/libtag.1.14.0.dylib";
				LD_RUNPATH_SEARCH_PATHS = "$(inherited) @executable_path/../Frameworks";
				LIBRARY_SEARCH_PATHS = /usr/local/lib;
				MACOSX_DEPLOYMENT_TARGET = 10.10;
				OTHER_LDFLAGS = (
					"-ljson",
					"-ltag",
					"-lpthread",
					"$(inherited)",
				);
				PRODUCT_NAME = Smine;
				VALID_ARCHS = x86_64;
			};
			name = Release;
		};
/* End XCBuildConfiguration section */

/* Begin XCConfigurationList section */
		1EDE8F9D1A773D810086677B /* Build configuration list for PBXProject "uPlayer" */ = {
			isa = XCConfigurationList;
			buildConfigurations = (
				1EDE8FC01A773D810086677B /* Debug */,
				1EDE8FC11A773D810086677B /* Release */,
			);
			defaultConfigurationIsVisible = 0;
			defaultConfigurationName = Release;
		};
		1EDE8FC21A773D810086677B /* Build configuration list for PBXNativeTarget "uPlayer" */ = {
			isa = XCConfigurationList;
			buildConfigurations = (
				1EDE8FC31A773D810086677B /* Debug */,
				1EDE8FC41A773D810086677B /* Release */,
			);
			defaultConfigurationIsVisible = 0;
			defaultConfigurationName = Release;
		};
/* End XCConfigurationList section */
	};
	rootObject = 1EDE8F9A1A773D810086677B /* Project object */;
}
